{
  "version": 1,
  "dependencies": {
    "net6.0": {
      "GreenDonut": {
        "type": "Transitive",
        "resolved": "12.14.0",
        "contentHash": "B23QP+7aun6PsMW0hVaHdjZwShJnFOVaQ28qyhmaEhIx3JGSgbnUeZuYUwpGGiUqYNSjQPjsjrepgO0i/E4UzA==",
        "dependencies": {
          "Microsoft.Extensions.ObjectPool": "3.1.4",
          "System.Diagnostics.DiagnosticSource": "4.7.0",
          "System.Threading.Tasks.Extensions": "4.5.0"
        }
      },
      "HotChocolate": {
        "type": "Transitive",
        "resolved": "12.14.0",
        "contentHash": "mXfSJsLqmWLl3Apr7UJMCYZciOS9Bdq2FdnMp1pcNCZt7KH99L86Uc2yYje1llDu0KdhRMphWNxmuDTNuPjt7A==",
        "dependencies": {
          "HotChocolate.Execution": "12.14.0",
          "HotChocolate.Fetching": "12.14.0",
          "HotChocolate.Subscriptions.InMemory": "12.14.0",
          "HotChocolate.Types": "12.14.0",
          "HotChocolate.Types.CursorPagination": "12.14.0",
          "HotChocolate.Types.Mutations": "12.14.0",
          "HotChocolate.Types.OffsetPagination": "12.14.0",
          "HotChocolate.Validation": "12.14.0"
        }
      },
      "HotChocolate.Abstractions": {
        "type": "Transitive",
        "resolved": "12.14.0",
        "contentHash": "0BE1p9r5muEg5DH3+h+6NcTYLXEsBg6d+MKO+b6aPVk2cSo4hRsGYfaYk3/3nl2LJgf7HH1pHmnhLtOg3Ij6lQ==",
        "dependencies": {
          "HotChocolate.Language": "12.14.0",
          "Microsoft.Bcl.AsyncInterfaces": "1.1.0",
          "System.Collections.Immutable": "1.7.0"
        }
      },
      "HotChocolate.AspNetCore": {
        "type": "Transitive",
        "resolved": "12.14.0",
        "contentHash": "R1rkPz8UrVTuyG8BV3dAU6fzMwjwbWVLtvcdDFuwajufb7JbH7G/OJ8u1iDTfFClM8vfNQt6r0o+14e3aQSMIQ==",
        "dependencies": {
          "HotChocolate": "12.14.0",
          "HotChocolate.Types.Scalars.Upload": "12.14.0"
        }
      },
      "HotChocolate.AspNetCore.Authorization": {
        "type": "Transitive",
        "resolved": "12.14.0",
        "contentHash": "GwSs0ByzmZjQGgegAWnmTRdFJsJXnZe0rHBoPF55dfzlv6ol1TD6v4mWpa74IhHz8i+Sqj+MIhhA8jmkoeY0FA==",
        "dependencies": {
          "HotChocolate": "12.14.0",
          "Microsoft.AspNetCore.Authorization": "3.1.4",
          "Microsoft.Extensions.DependencyInjection": "3.1.4"
        }
      },
      "HotChocolate.Data": {
        "type": "Transitive",
        "resolved": "12.14.0",
        "contentHash": "rcEnPlNEDMrF0eShZhKT0radhaQRFBgeOlc4HJMN0+iDB1ffe0JrVSQzmbljdXTDaceWIenojp8X1+CiemwuOA==",
        "dependencies": {
          "HotChocolate.Execution": "12.14.0",
          "HotChocolate.Types.CursorPagination": "12.14.0"
        }
      },
      "HotChocolate.Execution": {
        "type": "Transitive",
        "resolved": "12.14.0",
        "contentHash": "FPYApntZfRaopXK+CsOZBfb8BWTPKeeHP40DjZ7AFknNsMoOx1X87izn9kwHH45Y0wfyG59umyIGePqOvt+Msg==",
        "dependencies": {
          "HotChocolate.Abstractions": "12.14.0",
          "HotChocolate.Fetching": "12.14.0",
          "HotChocolate.Types": "12.14.0",
          "HotChocolate.Validation": "12.14.0",
          "Microsoft.Extensions.DependencyInjection": "3.1.4",
          "Microsoft.Extensions.DiagnosticAdapter": "3.1.4",
          "System.Threading.Channels": "4.7.0"
        }
      },
      "HotChocolate.Fetching": {
        "type": "Transitive",
        "resolved": "12.14.0",
        "contentHash": "QSIZpgzmC+pNlHnGBeufQCUZaNBcGm6ofTpth+T5XbQ1MfJbigJhnwB8ug6xapx0Z/AmSQLvqpdvwU0ewvqzVQ==",
        "dependencies": {
          "GreenDonut": "12.14.0",
          "HotChocolate.Types": "12.14.0"
        }
      },
      "HotChocolate.Language": {
        "type": "Transitive",
        "resolved": "12.14.0",
        "contentHash": "50ZSIc8TaIGplKSIZuqScsSlfzI5FydImq8Tl8bxMFxqj10yAZ0M86aZVmDnsqYLQzsyZ5XD6twlhoiUkIbbCA==",
        "dependencies": {
          "HotChocolate.Language.SyntaxTree": "12.14.0",
          "HotChocolate.Language.Utf8": "12.14.0",
          "HotChocolate.Language.Visitors": "12.14.0"
        }
      },
      "HotChocolate.Language.SyntaxTree": {
        "type": "Transitive",
        "resolved": "12.14.0",
        "contentHash": "oIy0GVYG2hXyZTo0ed4xjL3VhJFBWXmTkubOA8JLyrPhjumRIfa8lcBhBpn6dm3agp+vxkysOO48CfqbrsXEUw==",
        "dependencies": {
          "Microsoft.Extensions.ObjectPool": "3.1.4"
        }
      },
      "HotChocolate.Language.Utf8": {
        "type": "Transitive",
        "resolved": "12.14.0",
        "contentHash": "pfI6z0thTbXnsTM7ccOPtyRhw7P7KP6piVMKsXePCCV/I0iUPFZ5GMcNWo9Enjm5LHxt0xjjhh+jhSEtchb0oQ==",
        "dependencies": {
          "HotChocolate.Language.SyntaxTree": "12.14.0"
        }
      },
      "HotChocolate.Language.Visitors": {
        "type": "Transitive",
        "resolved": "12.14.0",
        "contentHash": "qaVWxZONCMMAsxdeljpt7VXRiqJHAaFL7nQWohEA9vVzP6vUSVdsGMyGXv1qbXBdHvrO/nu/Z/6XSrcwwudxnw==",
        "dependencies": {
          "HotChocolate.Language.SyntaxTree": "12.14.0"
        }
      },
      "HotChocolate.Subscriptions": {
        "type": "Transitive",
        "resolved": "12.14.0",
        "contentHash": "24cta/99AZ9ddx0J7BGPI8iemeporRFp4Bm0R0OIK5nne6DRMpBBR6n6djesuL9cZ/xqp7Lx6G8kq4Hv9QDang==",
        "dependencies": {
          "HotChocolate.Abstractions": "12.14.0",
          "Microsoft.Bcl.AsyncInterfaces": "1.1.0"
        }
      },
      "HotChocolate.Subscriptions.InMemory": {
        "type": "Transitive",
        "resolved": "12.14.0",
        "contentHash": "g7vrR5p/TzD+JDRRFPaVWcyQBArzs6JS6sq5SIs5A6+sCeZ2jyotSMYLapYvUTOTkXbkc/GSvvOUKgzlKRHo3g==",
        "dependencies": {
          "HotChocolate.Execution": "12.14.0",
          "HotChocolate.Subscriptions": "12.14.0",
          "Microsoft.Extensions.DependencyInjection.Abstractions": "3.1.4",
          "System.Threading.Channels": "4.7.0"
        }
      },
      "HotChocolate.Types": {
        "type": "Transitive",
        "resolved": "12.14.0",
        "contentHash": "CEL/VWqPTI7CSNRlOquAONJ3599EWqfZbG5MDyr/+zYKpLCojJTDkccT80vCqRX8fhZIC88T7n1Z7vX0IFHpdw==",
        "dependencies": {
          "HotChocolate.Abstractions": "12.14.0",
          "HotChocolate.Subscriptions": "12.14.0",
          "HotChocolate.Utilities": "12.14.0",
          "HotChocolate.Utilities.Introspection": "12.14.0",
          "Microsoft.Extensions.DependencyInjection.Abstractions": "3.1.4",
          "Microsoft.Extensions.ObjectPool": "3.1.4",
          "System.ComponentModel.Annotations": "4.7.0",
          "System.Text.Json": "4.7.0"
        }
      },
      "HotChocolate.Types.CursorPagination": {
        "type": "Transitive",
        "resolved": "12.14.0",
        "contentHash": "VSaWwPb7QHDh93yxI2a/VdGERCJLdPAieuvOTtvv4BHAjwQwK+sx6rhxC5wmxYuECdaQrOSUtEoX6G/0jyPUPg==",
        "dependencies": {
          "HotChocolate.Execution": "12.14.0",
          "HotChocolate.Types": "12.14.0"
        }
      },
      "HotChocolate.Types.Mutations": {
        "type": "Transitive",
        "resolved": "12.14.0",
        "contentHash": "U/l1Ui+xwfYf7tZNILRD8B7Zgtvd5bU4/vckV5RcxR9fec+2zNcaJsspdxFF0n9xS7XP5d9EZsS5r5xkcK1HYw==",
        "dependencies": {
          "HotChocolate.Execution": "12.14.0",
          "HotChocolate.Types": "12.14.0"
        }
      },
      "HotChocolate.Types.OffsetPagination": {
        "type": "Transitive",
        "resolved": "12.14.0",
        "contentHash": "QxDpyS8iW5Buw+OnfyqMRXHYQSopsv2dkNY7IxN6tW3Asj9wptiwpPEKXN3L+0Fhz0caub45ua0uMjzD1SE1SQ==",
        "dependencies": {
          "HotChocolate.Execution": "12.14.0",
          "HotChocolate.Types": "12.14.0"
        }
      },
      "HotChocolate.Types.Scalars.Upload": {
        "type": "Transitive",
        "resolved": "12.14.0",
        "contentHash": "IADAY74sVhNbCSlNVAJegPFdN+ynCX50x1g5qwNDxpHyDQOM/3ik9FShLpZpVVuXVcp1etnNOv4KdXpKdcaCeg==",
        "dependencies": {
          "HotChocolate.Types": "12.14.0"
        }
      },
      "HotChocolate.Utilities": {
        "type": "Transitive",
        "resolved": "12.14.0",
        "contentHash": "pQpToRijZDoMm8O7bQlB4Q2CZtgwAlMp43snemLbbCuU4WzyS5IVWHMCd38eMuS1oDO1VDB+rz3QvEw5aA/HNQ==",
        "dependencies": {
          "Microsoft.Bcl.AsyncInterfaces": "1.1.0",
          "Newtonsoft.Json": "12.0.3",
          "System.Memory": "4.5.4",
          "System.Threading.Tasks.Extensions": "4.5.4"
        }
      },
      "HotChocolate.Utilities.Introspection": {
        "type": "Transitive",
        "resolved": "12.14.0",
        "contentHash": "6VHesvD+srlVMic6/qRy45FpRIWfqVIgvW27l5tocBoyXajZCM5E4r9hXoXRgEnrUWsknOapo33WCCboFQPm9w==",
        "dependencies": {
          "HotChocolate.Language": "12.14.0",
          "System.Text.Json": "4.7.0"
        }
      },
      "HotChocolate.Validation": {
        "type": "Transitive",
        "resolved": "12.14.0",
        "contentHash": "hDWYlW4Vk9izZHEO+o0mhkFO/qW9WWOZvACFHTQiCa8sMCHYIBBgbfB+PGFoGAxQ8PNOrZxaREJAByYsv6RdUQ==",
        "dependencies": {
          "HotChocolate.Types": "12.14.0",
          "Microsoft.Extensions.DependencyInjection.Abstractions": "3.1.4",
          "Microsoft.Extensions.Options": "3.1.4"
        }
      },
      "Microsoft.AspNetCore.Authorization": {
        "type": "Transitive",
        "resolved": "3.1.4",
        "contentHash": "uIHoOU15To1V1XbYwYHStke+gtKSormPtrgEqI9i8+kslM/0YJXraLPe1ygFZk+mH459s3Evns6QV1AZRcL90A==",
        "dependencies": {
          "Microsoft.AspNetCore.Metadata": "3.1.4",
          "Microsoft.Extensions.Logging.Abstractions": "3.1.4",
          "Microsoft.Extensions.Options": "3.1.4"
        }
      },
      "Microsoft.AspNetCore.Metadata": {
        "type": "Transitive",
        "resolved": "3.1.4",
        "contentHash": "8P2GHgUdyWf8MnxGsF4iXzcPaefvTT3sx9FhEBaw+QtcctAfja018wQTg0VC9nXodc9t/Dc+6lO3Ar68W9IKIQ=="
      },
      "Microsoft.Bcl.AsyncInterfaces": {
        "type": "Transitive",
        "resolved": "1.1.0",
        "contentHash": "1Am6l4Vpn3/K32daEqZI+FFr96OlZkgwK2LcT3pZ2zWubR5zTPW3/FkO1Rat9kb7oQOa4rxgl9LJHc5tspCWfg=="
      },
      "Microsoft.Extensions.DependencyInjection": {
        "type": "Transitive",
        "resolved": "3.1.4",
        "contentHash": "dAWhz6BEjUFIVLUPbT1s1sUrPTwbUWdw2iBRRe3ej3xXcKS+oo64dKrIWFxRjYP6TWyESpGFNY5NGeA5FcHVlg==",
        "dependencies": {
          "Microsoft.Extensions.DependencyInjection.Abstractions": "3.1.4"
        }
      },
      "Microsoft.Extensions.DependencyInjection.Abstractions": {
        "type": "Transitive",
        "resolved": "6.0.0",
        "contentHash": "xlzi2IYREJH3/m6+lUrQlujzX8wDitm4QGnUu6kUXTQAWPuZY8i+ticFJbzfqaetLA6KR/rO6Ew/HuYD+bxifg=="
      },
      "Microsoft.Extensions.DiagnosticAdapter": {
        "type": "Transitive",
        "resolved": "3.1.4",
        "contentHash": "JiYsxaO6FnH477kGwQLZoj1+XFgwA1ZOjnmypgGhxeLdsmL4o29dP1vfOwmwsU9+nJ5ugtqq4Xs4DcVAGSLt3w==",
        "dependencies": {
          "System.Diagnostics.DiagnosticSource": "4.7.1"
        }
      },
      "Microsoft.Extensions.Logging.Abstractions": {
        "type": "Transitive",
        "resolved": "6.0.2",
        "contentHash": "pwXCZKaA7m5wgmCj49dW+H1RPSY7U62SKLTQYCcavf/k3Nyt/WnBgAjG4jMGnwy9rElfAZ2KvxvM5CJzJWG0hg=="
      },
      "Microsoft.Extensions.ObjectPool": {
        "type": "Transitive",
        "resolved": "3.1.4",
        "contentHash": "ZmgpBTnKA2OSJjtL5A1tNSWAQn8I0ELJMW+oKMZVmVHhjG8IyqlhqkfXT9jxgPp8ddCt4t4oXsKn1HAz+sJO1A=="
      },
      "Microsoft.Extensions.Options": {
        "type": "Transitive",
        "resolved": "3.1.4",
        "contentHash": "ntWmD8i6UmAo0nn5MiCXIVl3+75aybVHgP/NxL9B16zwsbGkSfs+66BullsGEDNvrimgIFVDO+iB/h0yWfATWg==",
        "dependencies": {
          "Microsoft.Extensions.DependencyInjection.Abstractions": "3.1.4",
          "Microsoft.Extensions.Primitives": "3.1.4"
        }
      },
      "Microsoft.Extensions.Primitives": {
        "type": "Transitive",
        "resolved": "3.1.4",
        "contentHash": "tLR9n5ltwA56nr1t5M6q5IBfGLXtMS+XgumtqVENmtPQOWUD+m0Kgo1U6GWr06Y875WUN3sOGnmqkvW4an7fYA=="
      },
      "Newtonsoft.Json": {
        "type": "Transitive",
        "resolved": "12.0.3",
        "contentHash": "6mgjfnRB4jKMlzHSl+VD+oUc1IebOZabkbyWj2RiTgWwYPPuaK1H97G1sHqGwPlS5npiF5Q0OrxN1wni2n5QWg=="
      },
      "System.Collections.Immutable": {
        "type": "Transitive",
        "resolved": "1.7.0",
        "contentHash": "RVSM6wZUo6L2y6P3vN6gjUtyJ2IF2RVtrepF3J7nrDKfFQd5u/SnSUFclchYQis8/k5scHy9E+fVeKVQLnnkzw=="
      },
      "System.ComponentModel.Annotations": {
        "type": "Transitive",
        "resolved": "4.7.0",
        "contentHash": "0YFqjhp/mYkDGpU0Ye1GjE53HMp9UVfGN7seGpAMttAC0C40v5gw598jCgpbBLMmCo0E5YRLBv5Z2doypO49ZQ=="
      },
      "System.Diagnostics.DiagnosticSource": {
        "type": "Transitive",
        "resolved": "4.7.1",
        "contentHash": "j81Lovt90PDAq8kLpaJfJKV/rWdWuEk6jfV+MBkee33vzYLEUsy4gXK8laa9V2nZlLM9VM9yA/OOQxxPEJKAMw=="
      },
      "System.Memory": {
        "type": "Transitive",
        "resolved": "4.5.4",
        "contentHash": "1MbJTHS1lZ4bS4FmsJjnuGJOu88ZzTT2rLvrhW7Ygic+pC0NWA+3hgAen0HRdsocuQXCkUTdFn9yHJJhsijDXw=="
      },
      "System.Text.Json": {
        "type": "Transitive",
        "resolved": "4.7.0",
        "contentHash": "IPq/x/d5nAcnD3vIyM3AbPOaTgcqrh0AqPSx7U53UFu3M6k1TH1u/eXc9/h4jm/3mpP1WRUpevlPY4PACd7AWw=="
      },
      "System.Threading.Channels": {
        "type": "Transitive",
        "resolved": "4.7.0",
        "contentHash": "gdOOXBhtt2UpTxYJm1DRmoqNfYg5ypvhzhVt0vxKhzxXFjS81r8yIOSFsJYLRa1Jc14GBAqCnjxJstO3zBN7gg=="
      },
      "System.Threading.Tasks.Extensions": {
        "type": "Transitive",
        "resolved": "4.5.4",
        "contentHash": "zteT+G8xuGu6mS+mzDzYXbzS7rd3K6Fjb9RiZlYlJPam2/hU7JCBZBVEcywNuR+oZ1ncTvc/cq0faRr3P01OVg=="
      },
      "nikcio.uheadless.cache": {
        "type": "Project",
        "dependencies": {
          "Nikcio.UHeadless.Core": "3.0.0"
        }
      },
      "nikcio.uheadless.core": {
        "type": "Project",
        "dependencies": {
          "HotChocolate.AspNetCore": "12.14.0",
          "HotChocolate.AspNetCore.Authorization": "12.14.0",
          "HotChocolate.Data": "12.14.0",
          "Microsoft.Extensions.DependencyInjection.Abstractions": "6.0.0",
          "Microsoft.Extensions.Logging.Abstractions": "6.0.2"
        }
      }
    }
  }
}