{
  "version": 1,
  "dependencies": {
    "net6.0": {
      "GreenDonut": {
        "type": "Transitive",
        "resolved": "12.15.0",
        "contentHash": "IPuqkRHF7a9OtUc2T5HbgGkO/XKexMLtVi5lhU8KDQgTppOWt7VJFNTW6ziwdYobUHR9D99++gZIF8xkvyDfmA==",
        "dependencies": {
          "Microsoft.Extensions.ObjectPool": "3.1.4",
          "System.Diagnostics.DiagnosticSource": "4.7.0",
          "System.Threading.Tasks.Extensions": "4.5.0"
        }
      },
      "HotChocolate": {
        "type": "Transitive",
        "resolved": "12.15.0",
        "contentHash": "PJAxgtd69CZFjDI7Lx5MNgNcVf1opj7dbb9gF4kgFain+iH3SBJdFk3mRWCZ+dLqP4954Hu1l05++OxCMR8w/Q==",
        "dependencies": {
          "HotChocolate.Execution": "12.15.0",
          "HotChocolate.Fetching": "12.15.0",
          "HotChocolate.Subscriptions.InMemory": "12.15.0",
          "HotChocolate.Types": "12.15.0",
          "HotChocolate.Types.CursorPagination": "12.15.0",
          "HotChocolate.Types.Mutations": "12.15.0",
          "HotChocolate.Types.OffsetPagination": "12.15.0",
          "HotChocolate.Validation": "12.15.0"
        }
      },
      "HotChocolate.Abstractions": {
        "type": "Transitive",
        "resolved": "12.15.0",
        "contentHash": "p9aCnRZ3S23feLeJhg2CpnpZ95EhZHO87x4TZSGkvnHnH7sWWNBiY9qeY6HsWIW+0ixygBPKCz6/VEPsNzL9Fw==",
        "dependencies": {
          "HotChocolate.Language": "12.15.0",
          "Microsoft.Bcl.AsyncInterfaces": "1.1.0",
          "System.Collections.Immutable": "1.7.0"
        }
      },
      "HotChocolate.AspNetCore": {
        "type": "Transitive",
        "resolved": "12.15.0",
        "contentHash": "cRcUGOXkNie+DB+YNZHHqbM2a9laorcTRhCaWpqCUDuGJvoC/Sq1u9c6rf6l0MGUqsaE3iRtHqEb4K8xs70Crw==",
        "dependencies": {
          "HotChocolate": "12.15.0",
          "HotChocolate.Types.Scalars.Upload": "12.15.0"
        }
      },
      "HotChocolate.AspNetCore.Authorization": {
        "type": "Transitive",
        "resolved": "12.15.0",
        "contentHash": "ngABJZy9DpGPYPNGiEwJAu2KicM7ZzUpGlx7ziIiNetXdU0xF6yRJP6TKmzVY2ej67Lsq72l//vW8pUwPjZ0Aw==",
        "dependencies": {
          "HotChocolate": "12.15.0",
          "Microsoft.AspNetCore.Authorization": "3.1.4",
          "Microsoft.Extensions.DependencyInjection": "3.1.4"
        }
      },
      "HotChocolate.Data": {
        "type": "Transitive",
        "resolved": "12.15.0",
        "contentHash": "CbYxpPWsBzPGcKQWmHflr5eD8I5ZSbMIhYT4Wo3UAXwr6H12Xw+0RBqxKyN4/TkT/FPyEKKci4wPxSz36zH1Ig==",
        "dependencies": {
          "HotChocolate.Execution": "12.15.0",
          "HotChocolate.Types.CursorPagination": "12.15.0"
        }
      },
      "HotChocolate.Execution": {
        "type": "Transitive",
        "resolved": "12.15.0",
        "contentHash": "x/2Q2siOJ126vhyxiqXbSTUTAoDvWCGsfWCC7WNywZGr6z5XYGCdMIS5q2lwupBm5jpkPbXhenKM33MC7IESBA==",
        "dependencies": {
          "HotChocolate.Abstractions": "12.15.0",
          "HotChocolate.Fetching": "12.15.0",
          "HotChocolate.Types": "12.15.0",
          "HotChocolate.Validation": "12.15.0",
          "Microsoft.Extensions.DependencyInjection": "3.1.4",
          "Microsoft.Extensions.DiagnosticAdapter": "3.1.4",
          "System.Threading.Channels": "4.7.0"
        }
      },
      "HotChocolate.Fetching": {
        "type": "Transitive",
        "resolved": "12.15.0",
        "contentHash": "PsieH1SUTbfI2Vb/ieILyzZVwwxV7TVGbG1DhXBREkp3aq6M7wX/xLgZEg/ZXCJ2zCRpXpq2PQZk7rtnhQTLtA==",
        "dependencies": {
          "GreenDonut": "12.15.0",
          "HotChocolate.Types": "12.15.0"
        }
      },
      "HotChocolate.Language": {
        "type": "Transitive",
        "resolved": "12.15.0",
        "contentHash": "W+8wqV+1Rmy0S0rfSqUSoY95fV6vztGFmaQCHvHvXObhMWIWJC8eR131UUGFLuh+a6Bk41HHGDx+5YiWz8F0BA==",
        "dependencies": {
          "HotChocolate.Language.SyntaxTree": "12.15.0",
          "HotChocolate.Language.Utf8": "12.15.0",
          "HotChocolate.Language.Visitors": "12.15.0"
        }
      },
      "HotChocolate.Language.SyntaxTree": {
        "type": "Transitive",
        "resolved": "12.15.0",
        "contentHash": "EogC7Oblgubd4AmlNFIVtEUri29GBqLbuZF3dW5AZ/bynaVJvhj3UtiZ/c6g9iW7pdfJMHUdcPYzNFcE/w0v5Q==",
        "dependencies": {
          "Microsoft.Extensions.ObjectPool": "3.1.4"
        }
      },
      "HotChocolate.Language.Utf8": {
        "type": "Transitive",
        "resolved": "12.15.0",
        "contentHash": "37nE1+TfHwi1WajWSvFBeKqK5XYErEW6NZI/HizCo1K1XF0nRzGVJOcIfpbJsR7XEGRoUePcyoRLDpcNw6+/PA==",
        "dependencies": {
          "HotChocolate.Language.SyntaxTree": "12.15.0"
        }
      },
      "HotChocolate.Language.Visitors": {
        "type": "Transitive",
        "resolved": "12.15.0",
        "contentHash": "wbMyvFo72qkVyGv3IpTXKKVQkNHti6gGARxCWu+LKJfVcXZ5eHyQdlKU6T5J+v4bbywJJ4nGz/2xnezFuggt6w==",
        "dependencies": {
          "HotChocolate.Language.SyntaxTree": "12.15.0"
        }
      },
      "HotChocolate.Subscriptions": {
        "type": "Transitive",
        "resolved": "12.15.0",
        "contentHash": "k6b+5iS8F+SDlEeDWSQ8KGa1HnsM/Ea8YQmNmBMsb5SNv2qJxMuLNfKawqqDldvdtnjp9BEmC6Gr2g3IiSiv8w==",
        "dependencies": {
          "HotChocolate.Abstractions": "12.15.0",
          "Microsoft.Bcl.AsyncInterfaces": "1.1.0"
        }
      },
      "HotChocolate.Subscriptions.InMemory": {
        "type": "Transitive",
        "resolved": "12.15.0",
        "contentHash": "rlldjUO3/tDl+Spn0TL+/lyo7bt97tXEQpQTDyvTfZIvUMxZlS7m24kkLp7SdYnswdhZOQrt00AgmUBH6xBm/w==",
        "dependencies": {
          "HotChocolate.Execution": "12.15.0",
          "HotChocolate.Subscriptions": "12.15.0",
          "Microsoft.Extensions.DependencyInjection.Abstractions": "3.1.4",
          "System.Threading.Channels": "4.7.0"
        }
      },
      "HotChocolate.Types": {
        "type": "Transitive",
        "resolved": "12.15.0",
        "contentHash": "1Bs0AbgvKVxnwwUOxpSQM2KgUHv9r7IYamN4SVz9LbCaDqJg1ErXz5jdvEUEwQieOwegBZds3EE0pUCCnqc2Ww==",
        "dependencies": {
          "HotChocolate.Abstractions": "12.15.0",
          "HotChocolate.Subscriptions": "12.15.0",
          "HotChocolate.Utilities": "12.15.0",
          "HotChocolate.Utilities.Introspection": "12.15.0",
          "Microsoft.Extensions.DependencyInjection.Abstractions": "3.1.4",
          "Microsoft.Extensions.ObjectPool": "3.1.4",
          "System.ComponentModel.Annotations": "4.7.0",
          "System.Text.Json": "4.7.0"
        }
      },
      "HotChocolate.Types.CursorPagination": {
        "type": "Transitive",
        "resolved": "12.15.0",
        "contentHash": "YP2vmdPSXvCytzuqbVO6SzLXCUs8Io2nRh4boHnRoOqz1YRw4RHTKgqSxczTTKLgyyFOwmckN6KkBvM+r3+2mw==",
        "dependencies": {
          "HotChocolate.Execution": "12.15.0",
          "HotChocolate.Types": "12.15.0"
        }
      },
      "HotChocolate.Types.Mutations": {
        "type": "Transitive",
        "resolved": "12.15.0",
        "contentHash": "JHhUHM5wH+FM17vCad/JFCnjlzQ413KP2ZAFAFuVSnvHrCBCauO6AkON76WCgD1yY7+TDuCqMujW7/1guSQZwA==",
        "dependencies": {
          "HotChocolate.Execution": "12.15.0",
          "HotChocolate.Types": "12.15.0"
        }
      },
      "HotChocolate.Types.OffsetPagination": {
        "type": "Transitive",
        "resolved": "12.15.0",
        "contentHash": "6sBwvb8xkAyGbdF9+4PSnbu8iW0M4FEIxuZyJIf+WKQ0QfaRUnDU1aahGAcZ4qZT18HhRqXIKAkxbHoJ3Cq7gg==",
        "dependencies": {
          "HotChocolate.Execution": "12.15.0",
          "HotChocolate.Types": "12.15.0"
        }
      },
      "HotChocolate.Types.Scalars.Upload": {
        "type": "Transitive",
        "resolved": "12.15.0",
        "contentHash": "XqR40DiEGbLXImGiTmecflnl6bjlpOFtrW5gd1xDqiPfO3odvBoQ7j7l1iU6FZDyPI1WrYLLWxCMMGFHygynfA==",
        "dependencies": {
          "HotChocolate.Types": "12.15.0"
        }
      },
      "HotChocolate.Utilities": {
        "type": "Transitive",
        "resolved": "12.15.0",
        "contentHash": "MTjG1ViaxhYhst/sLWz/66YNyLWTdvcjl2UKKd8FWU0jlHnKAOCPg6EngEjfdMXS+GqRXEcvJzvlfhOUedVgig==",
        "dependencies": {
          "Microsoft.Bcl.AsyncInterfaces": "1.1.0",
          "Newtonsoft.Json": "12.0.3",
          "System.Memory": "4.5.4",
          "System.Threading.Tasks.Extensions": "4.5.4"
        }
      },
      "HotChocolate.Utilities.Introspection": {
        "type": "Transitive",
        "resolved": "12.15.0",
        "contentHash": "9w74ZGoBtnOlGX9urff+iigCh62cFD7m62vl/jKcgFDavDj9YJqNRLxC2BQpbSaViLAVH4DSt6k/MOTtpEi55A==",
        "dependencies": {
          "HotChocolate.Language": "12.15.0",
          "System.Text.Json": "4.7.0"
        }
      },
      "HotChocolate.Validation": {
        "type": "Transitive",
        "resolved": "12.15.0",
        "contentHash": "HXo8i+DnmrvnxwHR7YKQcMtUk1jJHbxtdEGRn8HDHmvC6av0fTYBePowERVDMBShZAqwjaoO5AY5fsD9zUp5Ww==",
        "dependencies": {
          "HotChocolate.Types": "12.15.0",
          "Microsoft.Extensions.DependencyInjection.Abstractions": "3.1.4",
          "Microsoft.Extensions.Options": "3.1.4"
        }
      },
      "Microsoft.AspNetCore.Authorization": {
        "type": "Transitive",
        "resolved": "3.1.4",
        "contentHash": "uIHoOU15To1V1XbYwYHStke+gtKSormPtrgEqI9i8+kslM/0YJXraLPe1ygFZk+mH459s3Evns6QV1AZRcL90A==",
        "dependencies": {
          "Microsoft.AspNetCore.Metadata": "3.1.4",
          "Microsoft.Extensions.Logging.Abstractions": "3.1.4",
          "Microsoft.Extensions.Options": "3.1.4"
        }
      },
      "Microsoft.AspNetCore.Metadata": {
        "type": "Transitive",
        "resolved": "3.1.4",
        "contentHash": "8P2GHgUdyWf8MnxGsF4iXzcPaefvTT3sx9FhEBaw+QtcctAfja018wQTg0VC9nXodc9t/Dc+6lO3Ar68W9IKIQ=="
      },
      "Microsoft.Bcl.AsyncInterfaces": {
        "type": "Transitive",
        "resolved": "1.1.0",
        "contentHash": "1Am6l4Vpn3/K32daEqZI+FFr96OlZkgwK2LcT3pZ2zWubR5zTPW3/FkO1Rat9kb7oQOa4rxgl9LJHc5tspCWfg=="
      },
      "Microsoft.Extensions.DependencyInjection": {
        "type": "Transitive",
        "resolved": "3.1.4",
        "contentHash": "dAWhz6BEjUFIVLUPbT1s1sUrPTwbUWdw2iBRRe3ej3xXcKS+oo64dKrIWFxRjYP6TWyESpGFNY5NGeA5FcHVlg==",
        "dependencies": {
          "Microsoft.Extensions.DependencyInjection.Abstractions": "3.1.4"
        }
      },
      "Microsoft.Extensions.DependencyInjection.Abstractions": {
        "type": "Transitive",
        "resolved": "6.0.0",
        "contentHash": "xlzi2IYREJH3/m6+lUrQlujzX8wDitm4QGnUu6kUXTQAWPuZY8i+ticFJbzfqaetLA6KR/rO6Ew/HuYD+bxifg=="
      },
      "Microsoft.Extensions.DiagnosticAdapter": {
        "type": "Transitive",
        "resolved": "3.1.4",
        "contentHash": "JiYsxaO6FnH477kGwQLZoj1+XFgwA1ZOjnmypgGhxeLdsmL4o29dP1vfOwmwsU9+nJ5ugtqq4Xs4DcVAGSLt3w==",
        "dependencies": {
          "System.Diagnostics.DiagnosticSource": "4.7.1"
        }
      },
      "Microsoft.Extensions.Logging.Abstractions": {
        "type": "Transitive",
        "resolved": "6.0.2",
        "contentHash": "pwXCZKaA7m5wgmCj49dW+H1RPSY7U62SKLTQYCcavf/k3Nyt/WnBgAjG4jMGnwy9rElfAZ2KvxvM5CJzJWG0hg=="
      },
      "Microsoft.Extensions.ObjectPool": {
        "type": "Transitive",
        "resolved": "3.1.4",
        "contentHash": "ZmgpBTnKA2OSJjtL5A1tNSWAQn8I0ELJMW+oKMZVmVHhjG8IyqlhqkfXT9jxgPp8ddCt4t4oXsKn1HAz+sJO1A=="
      },
      "Microsoft.Extensions.Options": {
        "type": "Transitive",
        "resolved": "3.1.4",
        "contentHash": "ntWmD8i6UmAo0nn5MiCXIVl3+75aybVHgP/NxL9B16zwsbGkSfs+66BullsGEDNvrimgIFVDO+iB/h0yWfATWg==",
        "dependencies": {
          "Microsoft.Extensions.DependencyInjection.Abstractions": "3.1.4",
          "Microsoft.Extensions.Primitives": "3.1.4"
        }
      },
      "Microsoft.Extensions.Primitives": {
        "type": "Transitive",
        "resolved": "3.1.4",
        "contentHash": "tLR9n5ltwA56nr1t5M6q5IBfGLXtMS+XgumtqVENmtPQOWUD+m0Kgo1U6GWr06Y875WUN3sOGnmqkvW4an7fYA=="
      },
      "Newtonsoft.Json": {
        "type": "Transitive",
        "resolved": "12.0.3",
        "contentHash": "6mgjfnRB4jKMlzHSl+VD+oUc1IebOZabkbyWj2RiTgWwYPPuaK1H97G1sHqGwPlS5npiF5Q0OrxN1wni2n5QWg=="
      },
      "System.Collections.Immutable": {
        "type": "Transitive",
        "resolved": "1.7.0",
        "contentHash": "RVSM6wZUo6L2y6P3vN6gjUtyJ2IF2RVtrepF3J7nrDKfFQd5u/SnSUFclchYQis8/k5scHy9E+fVeKVQLnnkzw=="
      },
      "System.ComponentModel.Annotations": {
        "type": "Transitive",
        "resolved": "4.7.0",
        "contentHash": "0YFqjhp/mYkDGpU0Ye1GjE53HMp9UVfGN7seGpAMttAC0C40v5gw598jCgpbBLMmCo0E5YRLBv5Z2doypO49ZQ=="
      },
      "System.Diagnostics.DiagnosticSource": {
        "type": "Transitive",
        "resolved": "4.7.1",
        "contentHash": "j81Lovt90PDAq8kLpaJfJKV/rWdWuEk6jfV+MBkee33vzYLEUsy4gXK8laa9V2nZlLM9VM9yA/OOQxxPEJKAMw=="
      },
      "System.Memory": {
        "type": "Transitive",
        "resolved": "4.5.4",
        "contentHash": "1MbJTHS1lZ4bS4FmsJjnuGJOu88ZzTT2rLvrhW7Ygic+pC0NWA+3hgAen0HRdsocuQXCkUTdFn9yHJJhsijDXw=="
      },
      "System.Text.Json": {
        "type": "Transitive",
        "resolved": "4.7.0",
        "contentHash": "IPq/x/d5nAcnD3vIyM3AbPOaTgcqrh0AqPSx7U53UFu3M6k1TH1u/eXc9/h4jm/3mpP1WRUpevlPY4PACd7AWw=="
      },
      "System.Threading.Channels": {
        "type": "Transitive",
        "resolved": "4.7.0",
        "contentHash": "gdOOXBhtt2UpTxYJm1DRmoqNfYg5ypvhzhVt0vxKhzxXFjS81r8yIOSFsJYLRa1Jc14GBAqCnjxJstO3zBN7gg=="
      },
      "System.Threading.Tasks.Extensions": {
        "type": "Transitive",
        "resolved": "4.5.4",
        "contentHash": "zteT+G8xuGu6mS+mzDzYXbzS7rd3K6Fjb9RiZlYlJPam2/hU7JCBZBVEcywNuR+oZ1ncTvc/cq0faRr3P01OVg=="
      },
      "nikcio.uheadless.cache": {
        "type": "Project",
        "dependencies": {
          "Nikcio.UHeadless.Core": "[3.0.0, )"
        }
      },
      "nikcio.uheadless.core": {
        "type": "Project",
        "dependencies": {
          "HotChocolate.AspNetCore": "[12.15.0, )",
          "HotChocolate.AspNetCore.Authorization": "[12.15.0, )",
          "HotChocolate.Data": "[12.15.0, )",
          "Microsoft.Extensions.DependencyInjection.Abstractions": "[6.0.0, )",
          "Microsoft.Extensions.Logging.Abstractions": "[6.0.2, )"
        }
      }
    }
  }
}