{
  "version": 1,
  "dependencies": {
    "net6.0": {
      "GreenDonut": {
        "type": "Transitive",
        "resolved": "12.13.2",
        "contentHash": "1+0LssS2mUgo4dVKffkiJD58WVC+sLBpjcmTMevBMrjN243ZnxdphV2s8MTLLUm2xtRvBa8k0kDXH57BGq8Wwg==",
        "dependencies": {
          "Microsoft.Extensions.ObjectPool": "3.1.4",
          "System.Diagnostics.DiagnosticSource": "4.7.0",
          "System.Threading.Tasks.Extensions": "4.5.0"
        }
      },
      "HotChocolate": {
        "type": "Transitive",
        "resolved": "12.13.2",
        "contentHash": "Aa4Nc7MJTaFkcYz2mdihMhVrlAOtInbKVOOlN2NJPMLen6830Tp/6XqAtzm6JTSFCJzX8tB1aEERbdwL53HkCg==",
        "dependencies": {
          "HotChocolate.Execution": "12.13.2",
          "HotChocolate.Fetching": "12.13.2",
          "HotChocolate.Subscriptions.InMemory": "12.13.2",
          "HotChocolate.Types": "12.13.2",
          "HotChocolate.Types.CursorPagination": "12.13.2",
          "HotChocolate.Types.Mutations": "12.13.2",
          "HotChocolate.Types.OffsetPagination": "12.13.2",
          "HotChocolate.Validation": "12.13.2"
        }
      },
      "HotChocolate.Abstractions": {
        "type": "Transitive",
        "resolved": "12.13.2",
        "contentHash": "vm8A0NhItuhpHWnXirC6YA6l+qZKEzc18AUJNmCrZStt7RsbVolK/O2TGFfcO/hQaDJRVAajBYReNHjm7ZcNMQ==",
        "dependencies": {
          "HotChocolate.Language": "12.13.2",
          "Microsoft.Bcl.AsyncInterfaces": "1.1.0",
          "System.Collections.Immutable": "1.7.0"
        }
      },
      "HotChocolate.AspNetCore": {
        "type": "Transitive",
        "resolved": "12.13.2",
        "contentHash": "1a+1fBGVMYOzYNZ8o+5YdJKAAxbGgKS08yaea9JILdTbfZ3m9cCa1GwFSHJkP2Fnia/GopPNp7UiDLOx62bYSA==",
        "dependencies": {
          "HotChocolate": "12.13.2",
          "HotChocolate.Types.Scalars.Upload": "12.13.2"
        }
      },
      "HotChocolate.AspNetCore.Authorization": {
        "type": "Transitive",
        "resolved": "12.13.2",
        "contentHash": "MVHs/1lGOI471qGsTxS5nsfeyK1wg2YgjK7sDlek8rMlqa999erllH7SXFhR7B08EFRdAFDd+yUyHLCdLr53SQ==",
        "dependencies": {
          "HotChocolate": "12.13.2",
          "Microsoft.AspNetCore.Authorization": "3.1.4",
          "Microsoft.Extensions.DependencyInjection": "3.1.4"
        }
      },
      "HotChocolate.Data": {
        "type": "Transitive",
        "resolved": "12.13.2",
        "contentHash": "WkCNNjjWx+FJ0cBd2VooaLTd7KJaz6+OZ48mwtw6UAxyaThZZ1vG5puv3ydjq0K6+0C9Nsbsi1fSoVtuzzRY9A==",
        "dependencies": {
          "HotChocolate.Execution": "12.13.2",
          "HotChocolate.Types.CursorPagination": "12.13.2"
        }
      },
      "HotChocolate.Execution": {
        "type": "Transitive",
        "resolved": "12.13.2",
        "contentHash": "W5uSrFGTca2XoWpw+NduPNjA68LA5U6d2UzdDnbCrFvojy5eFdsbdvoFa8o/4Hc+oZEKXnrCj7dZjUI//W54JQ==",
        "dependencies": {
          "HotChocolate.Abstractions": "12.13.2",
          "HotChocolate.Fetching": "12.13.2",
          "HotChocolate.Types": "12.13.2",
          "HotChocolate.Validation": "12.13.2",
          "Microsoft.Extensions.DependencyInjection": "3.1.4",
          "Microsoft.Extensions.DiagnosticAdapter": "3.1.4",
          "System.Threading.Channels": "4.7.0"
        }
      },
      "HotChocolate.Fetching": {
        "type": "Transitive",
        "resolved": "12.13.2",
        "contentHash": "vEwJY7JIzcEl21GFVMT9OPVzm/lEB1zRuqo5dyneg4+iLH7LgL1Y0WD6XIIP9zd8V1DzA2+w5hIvUFDMogOhHw==",
        "dependencies": {
          "GreenDonut": "12.13.2",
          "HotChocolate.Types": "12.13.2"
        }
      },
      "HotChocolate.Language": {
        "type": "Transitive",
        "resolved": "12.13.2",
        "contentHash": "6hr5gbT7E/5qFMnnGV3XuNSAg3csMz/gF0QJIKS8+hMxCuWPgo4Wc1JRRheQi3vxMF5uyoqQi6g2gMXrXG7W3g==",
        "dependencies": {
          "HotChocolate.Language.SyntaxTree": "12.13.2",
          "HotChocolate.Language.Utf8": "12.13.2",
          "HotChocolate.Language.Visitors": "12.13.2"
        }
      },
      "HotChocolate.Language.SyntaxTree": {
        "type": "Transitive",
        "resolved": "12.13.2",
        "contentHash": "zgjQI9gzd8KRvYPTD6lzVCmQYSgE2o92/exZj7aI0FaVS1DA8SsfjwlbYXahHFZEpMtgk8aiWwyRLx5BV6fm0w==",
        "dependencies": {
          "Microsoft.Extensions.ObjectPool": "3.1.4"
        }
      },
      "HotChocolate.Language.Utf8": {
        "type": "Transitive",
        "resolved": "12.13.2",
        "contentHash": "ZHVtAzaZiyfEIgwteJpNkQ83ML79P11WWEZpYDqEijPEo10Q7PdtNWY1Bt9leynOJJO0g7ByURlGsUhTHO6Tlg==",
        "dependencies": {
          "HotChocolate.Language.SyntaxTree": "12.13.2"
        }
      },
      "HotChocolate.Language.Visitors": {
        "type": "Transitive",
        "resolved": "12.13.2",
        "contentHash": "HY0X6OftYPWcp3LGvDypKy7PunXywz5HXtGAiBHwAGeaKFAa+X+ZyfDITo7dFAJ0zgalbjnUERXDnZDdsHby5g==",
        "dependencies": {
          "HotChocolate.Language.SyntaxTree": "12.13.2"
        }
      },
      "HotChocolate.Subscriptions": {
        "type": "Transitive",
        "resolved": "12.13.2",
        "contentHash": "kmU0tW5ZkSVUjMts/VzMvm10QL5VKt2bnpJ/wWox+EtiLsO3A/v87TSWuHVjJrzrUMCiHIIo2R0HlUTtqZZ33g==",
        "dependencies": {
          "HotChocolate.Abstractions": "12.13.2",
          "Microsoft.Bcl.AsyncInterfaces": "1.1.0"
        }
      },
      "HotChocolate.Subscriptions.InMemory": {
        "type": "Transitive",
        "resolved": "12.13.2",
        "contentHash": "gCWCskaJD38h9/qSEuxFpYoHvSCEefVypFONzywAxujMQR0+ggtrhbb8ugE3KEcc6RCivwyHS2RFKlkukHTopA==",
        "dependencies": {
          "HotChocolate.Execution": "12.13.2",
          "HotChocolate.Subscriptions": "12.13.2",
          "Microsoft.Extensions.DependencyInjection.Abstractions": "3.1.4",
          "System.Threading.Channels": "4.7.0"
        }
      },
      "HotChocolate.Types": {
        "type": "Transitive",
        "resolved": "12.13.2",
        "contentHash": "w2xV7CeHlxdADzQWBgEQ6pPGNjMjChggx04eZ/ZBpPwr+71B518gw2paTRW1zUSJxL5qWBZb9jDgDx2fqNgsZQ==",
        "dependencies": {
          "HotChocolate.Abstractions": "12.13.2",
          "HotChocolate.Subscriptions": "12.13.2",
          "HotChocolate.Utilities": "12.13.2",
          "HotChocolate.Utilities.Introspection": "12.13.2",
          "Microsoft.Extensions.DependencyInjection.Abstractions": "3.1.4",
          "Microsoft.Extensions.ObjectPool": "3.1.4",
          "System.ComponentModel.Annotations": "4.7.0",
          "System.Text.Json": "4.7.0"
        }
      },
      "HotChocolate.Types.CursorPagination": {
        "type": "Transitive",
        "resolved": "12.13.2",
        "contentHash": "+Ya+rfxDqWhBqyVd3x1i+HoI3enDmw55nb/paKIE6PxMoLQ4my6/hjzNyEdPhA2/YOP6lKpLMs08BmikWwPnzg==",
        "dependencies": {
          "HotChocolate.Execution": "12.13.2",
          "HotChocolate.Types": "12.13.2"
        }
      },
      "HotChocolate.Types.Mutations": {
        "type": "Transitive",
        "resolved": "12.13.2",
        "contentHash": "y2n22Nk6pgSUyb0X1KZN9Ql/FFtNLi1WKJIsIi1i137ZNWaYNQc0ILkGeoUAfloQm/PWRA05xFIQ+J6ibLnE+Q==",
        "dependencies": {
          "HotChocolate.Execution": "12.13.2",
          "HotChocolate.Types": "12.13.2"
        }
      },
      "HotChocolate.Types.OffsetPagination": {
        "type": "Transitive",
        "resolved": "12.13.2",
        "contentHash": "vyu+fNWJOHbQSJOc0bR7QrPG+0yAycUXUF4u5Ny5W/mDDuX/m8zM2qoSDnPN3r+4K+myxa8fhamJUzvSN0ulVA==",
        "dependencies": {
          "HotChocolate.Execution": "12.13.2",
          "HotChocolate.Types": "12.13.2"
        }
      },
      "HotChocolate.Types.Scalars.Upload": {
        "type": "Transitive",
        "resolved": "12.13.2",
        "contentHash": "OlzedPT+R9OiDRzuRr+u3/2vcxq5uvZWcyNGNcpRV/lQKqgG2cdUXYVOb1TjZbEbs4oHCSm7xuh2t9icKXazvA==",
        "dependencies": {
          "HotChocolate.Types": "12.13.2"
        }
      },
      "HotChocolate.Utilities": {
        "type": "Transitive",
        "resolved": "12.13.2",
        "contentHash": "MIT4lt2e2Eqr7+rlZ2G5Vb8yQQtOkahJRFet55iubQQ0c9NPjTVHrUGudnyA+sZkl1F/so7RIH/+S2lPJ3ZNDA==",
        "dependencies": {
          "Microsoft.Bcl.AsyncInterfaces": "1.1.0",
          "Newtonsoft.Json": "12.0.3",
          "System.Memory": "4.5.4",
          "System.Threading.Tasks.Extensions": "4.5.4"
        }
      },
      "HotChocolate.Utilities.Introspection": {
        "type": "Transitive",
        "resolved": "12.13.2",
        "contentHash": "pKtg6r28o/ofwWvKt25V3EOhIe0hj5zlzflDTv3uX18jHa9VWQ8nwQFg1nvDV+6ip5HLFT/Wzv4hnhlabCXUxw==",
        "dependencies": {
          "HotChocolate.Language": "12.13.2",
          "System.Text.Json": "4.7.0"
        }
      },
      "HotChocolate.Validation": {
        "type": "Transitive",
        "resolved": "12.13.2",
        "contentHash": "eaoNZy6RjGlHBQFSVmr09F38voPvPNIvWDIjPYI9ZaoldU4qiBD5bmDkg0mk8z+EzoFRR0uzRZAYbS0FRE5ryQ==",
        "dependencies": {
          "HotChocolate.Types": "12.13.2",
          "Microsoft.Extensions.DependencyInjection.Abstractions": "3.1.4",
          "Microsoft.Extensions.Options": "3.1.4"
        }
      },
      "Microsoft.AspNetCore.Authorization": {
        "type": "Transitive",
        "resolved": "3.1.4",
        "contentHash": "uIHoOU15To1V1XbYwYHStke+gtKSormPtrgEqI9i8+kslM/0YJXraLPe1ygFZk+mH459s3Evns6QV1AZRcL90A==",
        "dependencies": {
          "Microsoft.AspNetCore.Metadata": "3.1.4",
          "Microsoft.Extensions.Logging.Abstractions": "3.1.4",
          "Microsoft.Extensions.Options": "3.1.4"
        }
      },
      "Microsoft.AspNetCore.Metadata": {
        "type": "Transitive",
        "resolved": "3.1.4",
        "contentHash": "8P2GHgUdyWf8MnxGsF4iXzcPaefvTT3sx9FhEBaw+QtcctAfja018wQTg0VC9nXodc9t/Dc+6lO3Ar68W9IKIQ=="
      },
      "Microsoft.Bcl.AsyncInterfaces": {
        "type": "Transitive",
        "resolved": "1.1.0",
        "contentHash": "1Am6l4Vpn3/K32daEqZI+FFr96OlZkgwK2LcT3pZ2zWubR5zTPW3/FkO1Rat9kb7oQOa4rxgl9LJHc5tspCWfg=="
      },
      "Microsoft.Extensions.DependencyInjection": {
        "type": "Transitive",
        "resolved": "3.1.4",
        "contentHash": "dAWhz6BEjUFIVLUPbT1s1sUrPTwbUWdw2iBRRe3ej3xXcKS+oo64dKrIWFxRjYP6TWyESpGFNY5NGeA5FcHVlg==",
        "dependencies": {
          "Microsoft.Extensions.DependencyInjection.Abstractions": "3.1.4"
        }
      },
      "Microsoft.Extensions.DependencyInjection.Abstractions": {
        "type": "Transitive",
        "resolved": "6.0.0",
        "contentHash": "xlzi2IYREJH3/m6+lUrQlujzX8wDitm4QGnUu6kUXTQAWPuZY8i+ticFJbzfqaetLA6KR/rO6Ew/HuYD+bxifg=="
      },
      "Microsoft.Extensions.DiagnosticAdapter": {
        "type": "Transitive",
        "resolved": "3.1.4",
        "contentHash": "JiYsxaO6FnH477kGwQLZoj1+XFgwA1ZOjnmypgGhxeLdsmL4o29dP1vfOwmwsU9+nJ5ugtqq4Xs4DcVAGSLt3w==",
        "dependencies": {
          "System.Diagnostics.DiagnosticSource": "4.7.1"
        }
      },
      "Microsoft.Extensions.Logging.Abstractions": {
        "type": "Transitive",
        "resolved": "6.0.2",
        "contentHash": "pwXCZKaA7m5wgmCj49dW+H1RPSY7U62SKLTQYCcavf/k3Nyt/WnBgAjG4jMGnwy9rElfAZ2KvxvM5CJzJWG0hg=="
      },
      "Microsoft.Extensions.ObjectPool": {
        "type": "Transitive",
        "resolved": "3.1.4",
        "contentHash": "ZmgpBTnKA2OSJjtL5A1tNSWAQn8I0ELJMW+oKMZVmVHhjG8IyqlhqkfXT9jxgPp8ddCt4t4oXsKn1HAz+sJO1A=="
      },
      "Microsoft.Extensions.Options": {
        "type": "Transitive",
        "resolved": "3.1.4",
        "contentHash": "ntWmD8i6UmAo0nn5MiCXIVl3+75aybVHgP/NxL9B16zwsbGkSfs+66BullsGEDNvrimgIFVDO+iB/h0yWfATWg==",
        "dependencies": {
          "Microsoft.Extensions.DependencyInjection.Abstractions": "3.1.4",
          "Microsoft.Extensions.Primitives": "3.1.4"
        }
      },
      "Microsoft.Extensions.Primitives": {
        "type": "Transitive",
        "resolved": "3.1.4",
        "contentHash": "tLR9n5ltwA56nr1t5M6q5IBfGLXtMS+XgumtqVENmtPQOWUD+m0Kgo1U6GWr06Y875WUN3sOGnmqkvW4an7fYA=="
      },
      "Newtonsoft.Json": {
        "type": "Transitive",
        "resolved": "12.0.3",
        "contentHash": "6mgjfnRB4jKMlzHSl+VD+oUc1IebOZabkbyWj2RiTgWwYPPuaK1H97G1sHqGwPlS5npiF5Q0OrxN1wni2n5QWg=="
      },
      "System.Collections.Immutable": {
        "type": "Transitive",
        "resolved": "1.7.0",
        "contentHash": "RVSM6wZUo6L2y6P3vN6gjUtyJ2IF2RVtrepF3J7nrDKfFQd5u/SnSUFclchYQis8/k5scHy9E+fVeKVQLnnkzw=="
      },
      "System.ComponentModel.Annotations": {
        "type": "Transitive",
        "resolved": "4.7.0",
        "contentHash": "0YFqjhp/mYkDGpU0Ye1GjE53HMp9UVfGN7seGpAMttAC0C40v5gw598jCgpbBLMmCo0E5YRLBv5Z2doypO49ZQ=="
      },
      "System.Diagnostics.DiagnosticSource": {
        "type": "Transitive",
        "resolved": "4.7.1",
        "contentHash": "j81Lovt90PDAq8kLpaJfJKV/rWdWuEk6jfV+MBkee33vzYLEUsy4gXK8laa9V2nZlLM9VM9yA/OOQxxPEJKAMw=="
      },
      "System.Memory": {
        "type": "Transitive",
        "resolved": "4.5.4",
        "contentHash": "1MbJTHS1lZ4bS4FmsJjnuGJOu88ZzTT2rLvrhW7Ygic+pC0NWA+3hgAen0HRdsocuQXCkUTdFn9yHJJhsijDXw=="
      },
      "System.Text.Json": {
        "type": "Transitive",
        "resolved": "4.7.0",
        "contentHash": "IPq/x/d5nAcnD3vIyM3AbPOaTgcqrh0AqPSx7U53UFu3M6k1TH1u/eXc9/h4jm/3mpP1WRUpevlPY4PACd7AWw=="
      },
      "System.Threading.Channels": {
        "type": "Transitive",
        "resolved": "4.7.0",
        "contentHash": "gdOOXBhtt2UpTxYJm1DRmoqNfYg5ypvhzhVt0vxKhzxXFjS81r8yIOSFsJYLRa1Jc14GBAqCnjxJstO3zBN7gg=="
      },
      "System.Threading.Tasks.Extensions": {
        "type": "Transitive",
        "resolved": "4.5.4",
        "contentHash": "zteT+G8xuGu6mS+mzDzYXbzS7rd3K6Fjb9RiZlYlJPam2/hU7JCBZBVEcywNuR+oZ1ncTvc/cq0faRr3P01OVg=="
      },
      "nikcio.uheadless.cache": {
        "type": "Project",
        "dependencies": {
          "Nikcio.UHeadless.Core": "[3.0.0, )"
        }
      },
      "nikcio.uheadless.core": {
        "type": "Project",
        "dependencies": {
          "HotChocolate.AspNetCore": "[12.13.2, )",
          "HotChocolate.AspNetCore.Authorization": "[12.13.2, )",
          "HotChocolate.Data": "[12.13.2, )",
          "Microsoft.Extensions.DependencyInjection.Abstractions": "[6.0.0, )",
          "Microsoft.Extensions.Logging.Abstractions": "[6.0.2, )"
        }
      }
    }
  }
}