{
  "version": 1,
  "dependencies": {
    "net6.0": {
      "HotChocolate.AspNetCore": {
        "type": "Direct",
        "requested": "[12.15.1, )",
        "resolved": "12.15.1",
        "contentHash": "eiEjlBGS6HGUYXMzB/rwpwrs2DXakTh+anFjZNPtiFb4gnq3stzm7jFuSZdjVZarp7jDFNJURfYQNLXY1xD2aQ==",
        "dependencies": {
          "HotChocolate": "12.15.1",
          "HotChocolate.Types.Scalars.Upload": "12.15.1"
        }
      },
      "HotChocolate.AspNetCore.Authorization": {
        "type": "Direct",
        "requested": "[12.15.1, )",
        "resolved": "12.15.1",
        "contentHash": "7cn/sS7i+pDAcgFSjmjgJGGt1LlX/N/oOSDRacwAe2P9BPUeq4uPCtNifmeY0NLGPTSmhOXcPqdTHihtr2vulw==",
        "dependencies": {
          "HotChocolate": "12.15.1",
          "Microsoft.AspNetCore.Authorization": "3.1.4",
          "Microsoft.Extensions.DependencyInjection": "3.1.4"
        }
      },
      "HotChocolate.Data": {
        "type": "Direct",
        "requested": "[12.15.1, )",
        "resolved": "12.15.1",
        "contentHash": "IE1kqmY5W+iDneSbYbpzko3YCy8bm4WWwjpzTTofye/pWasCR6P5/MKnRR/uiX82QlVEFgoSTL6ohp2KeJ5Mng==",
        "dependencies": {
          "HotChocolate.Execution": "12.15.1",
          "HotChocolate.Types.CursorPagination": "12.15.1"
        }
      },
      "Microsoft.Extensions.DependencyInjection.Abstractions": {
        "type": "Direct",
        "requested": "[6.0.0, )",
        "resolved": "6.0.0",
        "contentHash": "xlzi2IYREJH3/m6+lUrQlujzX8wDitm4QGnUu6kUXTQAWPuZY8i+ticFJbzfqaetLA6KR/rO6Ew/HuYD+bxifg=="
      },
      "Microsoft.Extensions.Logging.Abstractions": {
        "type": "Direct",
        "requested": "[6.0.2, )",
        "resolved": "6.0.2",
        "contentHash": "pwXCZKaA7m5wgmCj49dW+H1RPSY7U62SKLTQYCcavf/k3Nyt/WnBgAjG4jMGnwy9rElfAZ2KvxvM5CJzJWG0hg=="
      },
      "GreenDonut": {
        "type": "Transitive",
        "resolved": "12.15.1",
        "contentHash": "cYtD8RW/m+5S1CMelQeWXDv3aAFiCKafT5gsO9U0/NPqUeAOqKuxG5EPIB+QitDZLjzNbA3t697tO7Tkbcmwpw==",
        "dependencies": {
          "Microsoft.Extensions.ObjectPool": "3.1.4",
          "System.Diagnostics.DiagnosticSource": "4.7.0",
          "System.Threading.Tasks.Extensions": "4.5.0"
        }
      },
      "HotChocolate": {
        "type": "Transitive",
        "resolved": "12.15.1",
        "contentHash": "FBt5pG0UHIzGpejY3KGGCDZdLyHnRyTT2Y0oN5LzguU5m133VCaxuSjco15kgCbfE4bD9Gm1bAScE0UEd1/HKw==",
        "dependencies": {
          "HotChocolate.Execution": "12.15.1",
          "HotChocolate.Fetching": "12.15.1",
          "HotChocolate.Subscriptions.InMemory": "12.15.1",
          "HotChocolate.Types": "12.15.1",
          "HotChocolate.Types.CursorPagination": "12.15.1",
          "HotChocolate.Types.Mutations": "12.15.1",
          "HotChocolate.Types.OffsetPagination": "12.15.1",
          "HotChocolate.Validation": "12.15.1"
        }
      },
      "HotChocolate.Abstractions": {
        "type": "Transitive",
        "resolved": "12.15.1",
        "contentHash": "+hGWrUlsmD62taShiY7CCBHGY0G5Hy0TlZfCcaiSHWBJf7DF2Qbta7PHAs1eSTso3ELZUYZouBkAn+rVW8tJdQ==",
        "dependencies": {
          "HotChocolate.Language": "12.15.1",
          "Microsoft.Bcl.AsyncInterfaces": "1.1.0",
          "System.Collections.Immutable": "1.7.0"
        }
      },
      "HotChocolate.Execution": {
        "type": "Transitive",
        "resolved": "12.15.1",
        "contentHash": "6j0vTtwXdA6K2oACw8K5jO13zIp/6Bs6twjoJtYAFQBQcixpCJu23Xiy7NE3R7yXsey1yfBBHDQR4CfJT4OA/A==",
        "dependencies": {
          "HotChocolate.Abstractions": "12.15.1",
          "HotChocolate.Fetching": "12.15.1",
          "HotChocolate.Types": "12.15.1",
          "HotChocolate.Validation": "12.15.1",
          "Microsoft.Extensions.DependencyInjection": "3.1.4",
          "Microsoft.Extensions.DiagnosticAdapter": "3.1.4",
          "System.Threading.Channels": "4.7.0"
        }
      },
      "HotChocolate.Fetching": {
        "type": "Transitive",
        "resolved": "12.15.1",
        "contentHash": "jSH4wN1QarlHRDO0OUAE3Tb7piZBAFUqq2DXFx0Ikz26XobwJ6A4JBlVuBkEuRihpR4RiPuWgQsmWLB9Q2AynQ==",
        "dependencies": {
          "GreenDonut": "12.15.1",
          "HotChocolate.Types": "12.15.1"
        }
      },
      "HotChocolate.Language": {
        "type": "Transitive",
        "resolved": "12.15.1",
        "contentHash": "O61ys84vyxoM91i6W42YApAdW+kJwANwYzvNSE+W/A7RHowdH6ZbSUql1cBqOyKwKSE3Z97zXpksNYfEQ7w8JA==",
        "dependencies": {
          "HotChocolate.Language.SyntaxTree": "12.15.1",
          "HotChocolate.Language.Utf8": "12.15.1",
          "HotChocolate.Language.Visitors": "12.15.1"
        }
      },
      "HotChocolate.Language.SyntaxTree": {
        "type": "Transitive",
        "resolved": "12.15.1",
        "contentHash": "ycpCk1uCkvWFfrV6D6wYSx1u7UuhmyyKgz8cKUJ1o6Q5oTqO7BHmwe4AHDH9JNhuf+Ntlkil2BPTekV+6beTiA==",
        "dependencies": {
          "Microsoft.Extensions.ObjectPool": "3.1.4"
        }
      },
      "HotChocolate.Language.Utf8": {
        "type": "Transitive",
        "resolved": "12.15.1",
        "contentHash": "sO4Jy4X1CXakD61Y+xutamBdgeDxYCQt5sofck7zNewTyazLJ7AwWusCZpIOy8oFVrV7+wxj3IwkCCEY08KEVA==",
        "dependencies": {
          "HotChocolate.Language.SyntaxTree": "12.15.1"
        }
      },
      "HotChocolate.Language.Visitors": {
        "type": "Transitive",
        "resolved": "12.15.1",
        "contentHash": "gdoCUQ64t2WZFEmXndGMo+/I6PEs+ShFenSuVmyy54VfcgL3m0tNRHpkEV4huu2hhgxVCg2Wh2d57eLng2APjA==",
        "dependencies": {
          "HotChocolate.Language.SyntaxTree": "12.15.1"
        }
      },
      "HotChocolate.Subscriptions": {
        "type": "Transitive",
        "resolved": "12.15.1",
        "contentHash": "LKRXuURrccSnFlod86kKhuloYBBf6gIp1Q/Jt0BdLBVWnG+E+ynkUSzn9Eb3sdGmT7zzpSMekIPsET7KB0z2tQ==",
        "dependencies": {
          "HotChocolate.Abstractions": "12.15.1",
          "Microsoft.Bcl.AsyncInterfaces": "1.1.0"
        }
      },
      "HotChocolate.Subscriptions.InMemory": {
        "type": "Transitive",
        "resolved": "12.15.1",
        "contentHash": "ittjyk9xAdhRt3zDEJbQDoxJPcCc9om4F6/8bbh9EdgYj9E3P/YOqYhMHCWfjJcmwKGWRf/1oMP4uEfll1/qtQ==",
        "dependencies": {
          "HotChocolate.Execution": "12.15.1",
          "HotChocolate.Subscriptions": "12.15.1",
          "Microsoft.Extensions.DependencyInjection.Abstractions": "3.1.4",
          "System.Threading.Channels": "4.7.0"
        }
      },
      "HotChocolate.Types": {
        "type": "Transitive",
        "resolved": "12.15.1",
        "contentHash": "IAtxx1sbHDEgCBjW2KP9t3M9rO0jnBooa0+3G1xflSTsoSHhie/PLLcDygb+9zDRi0pQbXsHwf5G918qTl0Znw==",
        "dependencies": {
          "HotChocolate.Abstractions": "12.15.1",
          "HotChocolate.Subscriptions": "12.15.1",
          "HotChocolate.Utilities": "12.15.1",
          "HotChocolate.Utilities.Introspection": "12.15.1",
          "Microsoft.Extensions.DependencyInjection.Abstractions": "3.1.4",
          "Microsoft.Extensions.ObjectPool": "3.1.4",
          "System.ComponentModel.Annotations": "4.7.0",
          "System.Text.Json": "4.7.0"
        }
      },
      "HotChocolate.Types.CursorPagination": {
        "type": "Transitive",
        "resolved": "12.15.1",
        "contentHash": "HGCvh5QkcaaLnoub+JaiMb9AxYsEE/2OvGAWoSjWnS8eRubLtbXjufWxVK31PLRaTBWYfgxrn7u6uC6sqncRXg==",
        "dependencies": {
          "HotChocolate.Execution": "12.15.1",
          "HotChocolate.Types": "12.15.1"
        }
      },
      "HotChocolate.Types.Mutations": {
        "type": "Transitive",
        "resolved": "12.15.1",
        "contentHash": "oK/NxvFIbCCfCaF+ftjaa8MlQKTbBNGQBVcC6vtGff3S3aojsZ5uIbXdFzFyLuS/lCDIDNsqMd86Cu9OICAEug==",
        "dependencies": {
          "HotChocolate.Execution": "12.15.1",
          "HotChocolate.Types": "12.15.1"
        }
      },
      "HotChocolate.Types.OffsetPagination": {
        "type": "Transitive",
        "resolved": "12.15.1",
        "contentHash": "uDKcFB6vK7IYlOoXGKiNg3U2kbiW6t1v1mECpRwsjYiQ+VqgDJgcqqVurV86Ib/7Jv0vFlDcizs9sMOwzaIDLQ==",
        "dependencies": {
          "HotChocolate.Execution": "12.15.1",
          "HotChocolate.Types": "12.15.1"
        }
      },
      "HotChocolate.Types.Scalars.Upload": {
        "type": "Transitive",
        "resolved": "12.15.1",
        "contentHash": "j6GIe3OraHzjZ44IHEQYeIPdHtYH0au2by3KKrpz1sGhvVFjYCs6036MYysgYmkQNngT7zTw0ltkgBXdm7T+0Q==",
        "dependencies": {
          "HotChocolate.Types": "12.15.1"
        }
      },
      "HotChocolate.Utilities": {
        "type": "Transitive",
        "resolved": "12.15.1",
        "contentHash": "G9P2SB075DGipCL+FoGi2ADgcUQzTQuKNypQrNsgRmn0ZZ38wIJRgO/XDc5tcFYfYRNaUchV4xu/Hu5RQRX/ng==",
        "dependencies": {
          "Microsoft.Bcl.AsyncInterfaces": "1.1.0",
          "Newtonsoft.Json": "12.0.3",
          "System.Memory": "4.5.4",
          "System.Threading.Tasks.Extensions": "4.5.4"
        }
      },
      "HotChocolate.Utilities.Introspection": {
        "type": "Transitive",
        "resolved": "12.15.1",
        "contentHash": "unmcCEKVKmTp7pNWUsQ+FGT9ms7BUxCyVsV5eR/VM1w+51+0J+/m/FptUUrNLBl3h0uzO5EtExPX/OXwwGYmJg==",
        "dependencies": {
          "HotChocolate.Language": "12.15.1",
          "System.Text.Json": "4.7.0"
        }
      },
      "HotChocolate.Validation": {
        "type": "Transitive",
        "resolved": "12.15.1",
        "contentHash": "SzRizl2ACzC5YP62yVkAOyCwZvObh/bxgPknhQb7KffgpmtFD1/3T8zO4CBP4aL06NXs0qpTsRX4WT4hefn9Bg==",
        "dependencies": {
          "HotChocolate.Types": "12.15.1",
          "Microsoft.Extensions.DependencyInjection.Abstractions": "3.1.4",
          "Microsoft.Extensions.Options": "3.1.4"
        }
      },
      "Microsoft.AspNetCore.Authorization": {
        "type": "Transitive",
        "resolved": "3.1.4",
        "contentHash": "uIHoOU15To1V1XbYwYHStke+gtKSormPtrgEqI9i8+kslM/0YJXraLPe1ygFZk+mH459s3Evns6QV1AZRcL90A==",
        "dependencies": {
          "Microsoft.AspNetCore.Metadata": "3.1.4",
          "Microsoft.Extensions.Logging.Abstractions": "3.1.4",
          "Microsoft.Extensions.Options": "3.1.4"
        }
      },
      "Microsoft.AspNetCore.Metadata": {
        "type": "Transitive",
        "resolved": "3.1.4",
        "contentHash": "8P2GHgUdyWf8MnxGsF4iXzcPaefvTT3sx9FhEBaw+QtcctAfja018wQTg0VC9nXodc9t/Dc+6lO3Ar68W9IKIQ=="
      },
      "Microsoft.Bcl.AsyncInterfaces": {
        "type": "Transitive",
        "resolved": "1.1.0",
        "contentHash": "1Am6l4Vpn3/K32daEqZI+FFr96OlZkgwK2LcT3pZ2zWubR5zTPW3/FkO1Rat9kb7oQOa4rxgl9LJHc5tspCWfg=="
      },
      "Microsoft.Extensions.DependencyInjection": {
        "type": "Transitive",
        "resolved": "3.1.4",
        "contentHash": "dAWhz6BEjUFIVLUPbT1s1sUrPTwbUWdw2iBRRe3ej3xXcKS+oo64dKrIWFxRjYP6TWyESpGFNY5NGeA5FcHVlg==",
        "dependencies": {
          "Microsoft.Extensions.DependencyInjection.Abstractions": "3.1.4"
        }
      },
      "Microsoft.Extensions.DiagnosticAdapter": {
        "type": "Transitive",
        "resolved": "3.1.4",
        "contentHash": "JiYsxaO6FnH477kGwQLZoj1+XFgwA1ZOjnmypgGhxeLdsmL4o29dP1vfOwmwsU9+nJ5ugtqq4Xs4DcVAGSLt3w==",
        "dependencies": {
          "System.Diagnostics.DiagnosticSource": "4.7.1"
        }
      },
      "Microsoft.Extensions.ObjectPool": {
        "type": "Transitive",
        "resolved": "3.1.4",
        "contentHash": "ZmgpBTnKA2OSJjtL5A1tNSWAQn8I0ELJMW+oKMZVmVHhjG8IyqlhqkfXT9jxgPp8ddCt4t4oXsKn1HAz+sJO1A=="
      },
      "Microsoft.Extensions.Options": {
        "type": "Transitive",
        "resolved": "3.1.4",
        "contentHash": "ntWmD8i6UmAo0nn5MiCXIVl3+75aybVHgP/NxL9B16zwsbGkSfs+66BullsGEDNvrimgIFVDO+iB/h0yWfATWg==",
        "dependencies": {
          "Microsoft.Extensions.DependencyInjection.Abstractions": "3.1.4",
          "Microsoft.Extensions.Primitives": "3.1.4"
        }
      },
      "Microsoft.Extensions.Primitives": {
        "type": "Transitive",
        "resolved": "3.1.4",
        "contentHash": "tLR9n5ltwA56nr1t5M6q5IBfGLXtMS+XgumtqVENmtPQOWUD+m0Kgo1U6GWr06Y875WUN3sOGnmqkvW4an7fYA=="
      },
      "Newtonsoft.Json": {
        "type": "Transitive",
        "resolved": "12.0.3",
        "contentHash": "6mgjfnRB4jKMlzHSl+VD+oUc1IebOZabkbyWj2RiTgWwYPPuaK1H97G1sHqGwPlS5npiF5Q0OrxN1wni2n5QWg=="
      },
      "System.Collections.Immutable": {
        "type": "Transitive",
        "resolved": "1.7.0",
        "contentHash": "RVSM6wZUo6L2y6P3vN6gjUtyJ2IF2RVtrepF3J7nrDKfFQd5u/SnSUFclchYQis8/k5scHy9E+fVeKVQLnnkzw=="
      },
      "System.ComponentModel.Annotations": {
        "type": "Transitive",
        "resolved": "4.7.0",
        "contentHash": "0YFqjhp/mYkDGpU0Ye1GjE53HMp9UVfGN7seGpAMttAC0C40v5gw598jCgpbBLMmCo0E5YRLBv5Z2doypO49ZQ=="
      },
      "System.Diagnostics.DiagnosticSource": {
        "type": "Transitive",
        "resolved": "4.7.1",
        "contentHash": "j81Lovt90PDAq8kLpaJfJKV/rWdWuEk6jfV+MBkee33vzYLEUsy4gXK8laa9V2nZlLM9VM9yA/OOQxxPEJKAMw=="
      },
      "System.Memory": {
        "type": "Transitive",
        "resolved": "4.5.4",
        "contentHash": "1MbJTHS1lZ4bS4FmsJjnuGJOu88ZzTT2rLvrhW7Ygic+pC0NWA+3hgAen0HRdsocuQXCkUTdFn9yHJJhsijDXw=="
      },
      "System.Text.Json": {
        "type": "Transitive",
        "resolved": "4.7.0",
        "contentHash": "IPq/x/d5nAcnD3vIyM3AbPOaTgcqrh0AqPSx7U53UFu3M6k1TH1u/eXc9/h4jm/3mpP1WRUpevlPY4PACd7AWw=="
      },
      "System.Threading.Channels": {
        "type": "Transitive",
        "resolved": "4.7.0",
        "contentHash": "gdOOXBhtt2UpTxYJm1DRmoqNfYg5ypvhzhVt0vxKhzxXFjS81r8yIOSFsJYLRa1Jc14GBAqCnjxJstO3zBN7gg=="
      },
      "System.Threading.Tasks.Extensions": {
        "type": "Transitive",
        "resolved": "4.5.4",
        "contentHash": "zteT+G8xuGu6mS+mzDzYXbzS7rd3K6Fjb9RiZlYlJPam2/hU7JCBZBVEcywNuR+oZ1ncTvc/cq0faRr3P01OVg=="
      }
    }
  }
}