{
  "version": 1,
  "dependencies": {
    "net6.0": {
      "HotChocolate.AspNetCore": {
        "type": "Direct",
        "requested": "[12.16.0, )",
        "resolved": "12.16.0",
        "contentHash": "lzxupPj8AgBdIYPeB1p1+JRRxHtIW7aBB3V0Xva0pGfZu4jzukCjCRcoFtSTHlDOgf6Y0WZ7Hgn4+U/YH32Xeg==",
        "dependencies": {
          "HotChocolate": "12.16.0",
          "HotChocolate.Types.Scalars.Upload": "12.16.0"
        }
      },
      "HotChocolate.AspNetCore.Authorization": {
        "type": "Direct",
        "requested": "[12.16.0, )",
        "resolved": "12.16.0",
        "contentHash": "3jPG3fA2dDEyMcs4rF0q6wyHzoNGuq4bPk4PZFK/bmmAiaCe2Q1qLWIfcXtNA7Z1tFpWj1p1gD1IEUz9QfC6fg==",
        "dependencies": {
          "HotChocolate": "12.16.0",
          "Microsoft.AspNetCore.Authorization": "3.1.4",
          "Microsoft.Extensions.DependencyInjection": "3.1.4"
        }
      },
      "HotChocolate.Data": {
        "type": "Direct",
        "requested": "[12.16.0, )",
        "resolved": "12.16.0",
        "contentHash": "5HWDdNjrFSSR6mJBjkio2PuM7a31PG46KdVH/vulZULHr7/YRjj78rDaKJjCWdxWPDZlXBWGOFAy9u0xmqmE5A==",
        "dependencies": {
          "HotChocolate.Execution": "12.16.0",
          "HotChocolate.Types.CursorPagination": "12.16.0"
        }
      },
      "Microsoft.Extensions.DependencyInjection.Abstractions": {
        "type": "Direct",
        "requested": "[6.0.0, )",
        "resolved": "6.0.0",
        "contentHash": "xlzi2IYREJH3/m6+lUrQlujzX8wDitm4QGnUu6kUXTQAWPuZY8i+ticFJbzfqaetLA6KR/rO6Ew/HuYD+bxifg=="
      },
      "Microsoft.Extensions.Logging.Abstractions": {
        "type": "Direct",
        "requested": "[6.0.2, )",
        "resolved": "6.0.2",
        "contentHash": "pwXCZKaA7m5wgmCj49dW+H1RPSY7U62SKLTQYCcavf/k3Nyt/WnBgAjG4jMGnwy9rElfAZ2KvxvM5CJzJWG0hg=="
      },
      "GreenDonut": {
        "type": "Transitive",
        "resolved": "12.16.0",
        "contentHash": "RNh3CLGzfL2B3eMkVIVbZ20xrLR/Uih8c2HG4uIjqN/eXdFmZaKpZKsfrnHkPWzQbdcdVouWXfwtC0J1SWI0Zw==",
        "dependencies": {
          "Microsoft.Extensions.ObjectPool": "3.1.4",
          "System.Diagnostics.DiagnosticSource": "4.7.0",
          "System.Threading.Tasks.Extensions": "4.5.0"
        }
      },
      "HotChocolate": {
        "type": "Transitive",
        "resolved": "12.16.0",
        "contentHash": "WMLZRJvWDT/XPiRq4EP/wXwphfQjmJSh73QwjjnMN+qR4f6jehcHe+31DF8pNE5aeBRZcLvnpTaLqiZ8skNgjg==",
        "dependencies": {
          "HotChocolate.Execution": "12.16.0",
          "HotChocolate.Fetching": "12.16.0",
          "HotChocolate.Subscriptions.InMemory": "12.16.0",
          "HotChocolate.Types": "12.16.0",
          "HotChocolate.Types.CursorPagination": "12.16.0",
          "HotChocolate.Types.Mutations": "12.16.0",
          "HotChocolate.Types.OffsetPagination": "12.16.0",
          "HotChocolate.Validation": "12.16.0"
        }
      },
      "HotChocolate.Abstractions": {
        "type": "Transitive",
        "resolved": "12.16.0",
        "contentHash": "w5jS/b4L2DpdL0nEStsyaEf/XLv9JfKGTiMSUBjQrdnT9qckH96BKRYBmAkB2EXaYEVApfRWZ173KLbZsFCbQw==",
        "dependencies": {
          "HotChocolate.Language": "12.16.0",
          "Microsoft.Bcl.AsyncInterfaces": "1.1.0",
          "System.Collections.Immutable": "1.7.0"
        }
      },
      "HotChocolate.Execution": {
        "type": "Transitive",
        "resolved": "12.16.0",
        "contentHash": "y3COKDD3pSgiTPTv3NeOI7lnz/sUdtHlVZT1GPI54SwjUliXWkXzzapyMabT9cODncyFCN6K/DY2q5gRp7mhQA==",
        "dependencies": {
          "HotChocolate.Abstractions": "12.16.0",
          "HotChocolate.Fetching": "12.16.0",
          "HotChocolate.Types": "12.16.0",
          "HotChocolate.Validation": "12.16.0",
          "Microsoft.Extensions.DependencyInjection": "3.1.4",
          "Microsoft.Extensions.DiagnosticAdapter": "3.1.4",
          "System.Threading.Channels": "4.7.0"
        }
      },
      "HotChocolate.Fetching": {
        "type": "Transitive",
        "resolved": "12.16.0",
        "contentHash": "UOMgjkBuW54EHNgsvGwOWNpO3azsqKWcDOjppuptQLZS4UEazCUvAVKWNf6DCcqW3OHxwpmtfclHJpy24ZExJw==",
        "dependencies": {
          "GreenDonut": "12.16.0",
          "HotChocolate.Types": "12.16.0"
        }
      },
      "HotChocolate.Language": {
        "type": "Transitive",
        "resolved": "12.16.0",
        "contentHash": "zpEFKCBrap44bdqqoWYvYJLS7IvaRV9PsMhodEgBl/gGjw2m5HGcRcSaIv93b2hjsu1xJwcEmaQEn7PzVXgMxg==",
        "dependencies": {
          "HotChocolate.Language.SyntaxTree": "12.16.0",
          "HotChocolate.Language.Utf8": "12.16.0",
          "HotChocolate.Language.Visitors": "12.16.0"
        }
      },
      "HotChocolate.Language.SyntaxTree": {
        "type": "Transitive",
        "resolved": "12.16.0",
        "contentHash": "4xJQWbQbrugJ5ZeickxwrFLfMg6V2v/A9SFiO5QMP4yaZ7TzDqpnMxTp8qJOS5JJXRjFLXSZQ+G3lIqGhg2yhQ==",
        "dependencies": {
          "Microsoft.Extensions.ObjectPool": "3.1.4"
        }
      },
      "HotChocolate.Language.Utf8": {
        "type": "Transitive",
        "resolved": "12.16.0",
        "contentHash": "Fjzn/Z0TQ7lonhDqQiJPssmSIZiddnFAnYVU/yZmoyIokAGeyS69pdmPzeN2G0q9smrWGSgjMNnL0kEbr44DoQ==",
        "dependencies": {
          "HotChocolate.Language.SyntaxTree": "12.16.0"
        }
      },
      "HotChocolate.Language.Visitors": {
        "type": "Transitive",
        "resolved": "12.16.0",
        "contentHash": "TWhCVGwmWXNa2MHrOa77FwaQdZj+KbKLSFXuolQV1YxN38QWcVzvrLTlKA8k6eNmmpo9fQ8AbxSv7Cc+nJYrgw==",
        "dependencies": {
          "HotChocolate.Language.SyntaxTree": "12.16.0"
        }
      },
      "HotChocolate.Subscriptions": {
        "type": "Transitive",
        "resolved": "12.16.0",
        "contentHash": "Cigqc9P+eyg4dQf3ZusqBa9GP7vjcAViid76YVPbfcamyASIJMgZqAxX58k1gG5GOFD1T79pQmlDP0/djt1Heg==",
        "dependencies": {
          "HotChocolate.Abstractions": "12.16.0",
          "Microsoft.Bcl.AsyncInterfaces": "1.1.0"
        }
      },
      "HotChocolate.Subscriptions.InMemory": {
        "type": "Transitive",
        "resolved": "12.16.0",
        "contentHash": "4jf6hR3uQXMtXxG1g8GvRa6N7gnCHZ1rbfYLqRVRK+RJPmG9yqqnMvbAabmPWxihyAbUWWRELJA8oR38Dfs3WQ==",
        "dependencies": {
          "HotChocolate.Execution": "12.16.0",
          "HotChocolate.Subscriptions": "12.16.0",
          "Microsoft.Extensions.DependencyInjection.Abstractions": "3.1.4",
          "System.Threading.Channels": "4.7.0"
        }
      },
      "HotChocolate.Types": {
        "type": "Transitive",
        "resolved": "12.16.0",
        "contentHash": "SHgkfJGCgIvO+TpvSHwoxRu+TClikTJqm3Vfna5XXMLgQnoJZttNowql7ySZlDwwIDu+NIFIGH5cpBR3JUNfDQ==",
        "dependencies": {
          "HotChocolate.Abstractions": "12.16.0",
          "HotChocolate.Subscriptions": "12.16.0",
          "HotChocolate.Utilities": "12.16.0",
          "HotChocolate.Utilities.Introspection": "12.16.0",
          "Microsoft.Extensions.DependencyInjection.Abstractions": "3.1.4",
          "Microsoft.Extensions.ObjectPool": "3.1.4",
          "System.ComponentModel.Annotations": "4.7.0",
          "System.Text.Json": "4.7.0"
        }
      },
      "HotChocolate.Types.CursorPagination": {
        "type": "Transitive",
        "resolved": "12.16.0",
        "contentHash": "CYgkADFHsV4bhReDdpi5n2I+MH0JrKV1vEVtWWg9izU14V0Cv/f7L61Panob7SaSZtnr6ubrf3l96FNxW4JasQ==",
        "dependencies": {
          "HotChocolate.Execution": "12.16.0",
          "HotChocolate.Types": "12.16.0"
        }
      },
      "HotChocolate.Types.Mutations": {
        "type": "Transitive",
        "resolved": "12.16.0",
        "contentHash": "oW8h2w5qIzJzo1pkm7AwTLiF3Axbvqml2lpEgJGwBl0j3uKeEgW8J9SmMb2qZZjn44Pkv5LqX9icWq/FC2U5BA==",
        "dependencies": {
          "HotChocolate.Execution": "12.16.0",
          "HotChocolate.Types": "12.16.0"
        }
      },
      "HotChocolate.Types.OffsetPagination": {
        "type": "Transitive",
        "resolved": "12.16.0",
        "contentHash": "+WnKGkcyRVqqRytA/t39N9I0jsNxV3qIg1GSIM9ogtXSDAVm7agURusQS747lwcoUYmYPRu6c8zXI3aYYLtCQA==",
        "dependencies": {
          "HotChocolate.Execution": "12.16.0",
          "HotChocolate.Types": "12.16.0"
        }
      },
      "HotChocolate.Types.Scalars.Upload": {
        "type": "Transitive",
        "resolved": "12.16.0",
        "contentHash": "VcLQZYDvNMfBayNvPpVwZ975LNNCA/RRaWQVVK3g28qjm3m5hBSeWfd2Iuitq7qbLuXlbwzKQLV6QldFj0xZ0g==",
        "dependencies": {
          "HotChocolate.Types": "12.16.0"
        }
      },
      "HotChocolate.Utilities": {
        "type": "Transitive",
        "resolved": "12.16.0",
        "contentHash": "s18y/wCLYHeb/ekkJXzqqELB3nZZB6WfhbWH/rmb/Z6+iSpk8pJolzIz3IdxIB+LBQCqkdgCrQmsaKg+JEtsfQ==",
        "dependencies": {
          "Microsoft.Bcl.AsyncInterfaces": "1.1.0",
          "Newtonsoft.Json": "12.0.3",
          "System.Memory": "4.5.4",
          "System.Threading.Tasks.Extensions": "4.5.4"
        }
      },
      "HotChocolate.Utilities.Introspection": {
        "type": "Transitive",
        "resolved": "12.16.0",
        "contentHash": "7yo4Ll13/GV3HkXLzyMs2o+gvlceRf5VwJ3CT7iq4z36SmyJdRuV6H011mkm4JjgdHVKj/PSEcq9qjlXX8j8QA==",
        "dependencies": {
          "HotChocolate.Language": "12.16.0",
          "System.Text.Json": "4.7.0"
        }
      },
      "HotChocolate.Validation": {
        "type": "Transitive",
        "resolved": "12.16.0",
        "contentHash": "0gzCvVEnFlAn0TvBtuavXYiJ2ur6MN29NaQc5O329lb/NHuj04klPj7Hjc1Ya2OqPgAXkcJuU1yYbfZ/dwKw5g==",
        "dependencies": {
          "HotChocolate.Types": "12.16.0",
          "Microsoft.Extensions.DependencyInjection.Abstractions": "3.1.4",
          "Microsoft.Extensions.Options": "3.1.4"
        }
      },
      "Microsoft.AspNetCore.Authorization": {
        "type": "Transitive",
        "resolved": "3.1.4",
        "contentHash": "uIHoOU15To1V1XbYwYHStke+gtKSormPtrgEqI9i8+kslM/0YJXraLPe1ygFZk+mH459s3Evns6QV1AZRcL90A==",
        "dependencies": {
          "Microsoft.AspNetCore.Metadata": "3.1.4",
          "Microsoft.Extensions.Logging.Abstractions": "3.1.4",
          "Microsoft.Extensions.Options": "3.1.4"
        }
      },
      "Microsoft.AspNetCore.Metadata": {
        "type": "Transitive",
        "resolved": "3.1.4",
        "contentHash": "8P2GHgUdyWf8MnxGsF4iXzcPaefvTT3sx9FhEBaw+QtcctAfja018wQTg0VC9nXodc9t/Dc+6lO3Ar68W9IKIQ=="
      },
      "Microsoft.Bcl.AsyncInterfaces": {
        "type": "Transitive",
        "resolved": "1.1.0",
        "contentHash": "1Am6l4Vpn3/K32daEqZI+FFr96OlZkgwK2LcT3pZ2zWubR5zTPW3/FkO1Rat9kb7oQOa4rxgl9LJHc5tspCWfg=="
      },
      "Microsoft.Extensions.DependencyInjection": {
        "type": "Transitive",
        "resolved": "3.1.4",
        "contentHash": "dAWhz6BEjUFIVLUPbT1s1sUrPTwbUWdw2iBRRe3ej3xXcKS+oo64dKrIWFxRjYP6TWyESpGFNY5NGeA5FcHVlg==",
        "dependencies": {
          "Microsoft.Extensions.DependencyInjection.Abstractions": "3.1.4"
        }
      },
      "Microsoft.Extensions.DiagnosticAdapter": {
        "type": "Transitive",
        "resolved": "3.1.4",
        "contentHash": "JiYsxaO6FnH477kGwQLZoj1+XFgwA1ZOjnmypgGhxeLdsmL4o29dP1vfOwmwsU9+nJ5ugtqq4Xs4DcVAGSLt3w==",
        "dependencies": {
          "System.Diagnostics.DiagnosticSource": "4.7.1"
        }
      },
      "Microsoft.Extensions.ObjectPool": {
        "type": "Transitive",
        "resolved": "3.1.4",
        "contentHash": "ZmgpBTnKA2OSJjtL5A1tNSWAQn8I0ELJMW+oKMZVmVHhjG8IyqlhqkfXT9jxgPp8ddCt4t4oXsKn1HAz+sJO1A=="
      },
      "Microsoft.Extensions.Options": {
        "type": "Transitive",
        "resolved": "3.1.4",
        "contentHash": "ntWmD8i6UmAo0nn5MiCXIVl3+75aybVHgP/NxL9B16zwsbGkSfs+66BullsGEDNvrimgIFVDO+iB/h0yWfATWg==",
        "dependencies": {
          "Microsoft.Extensions.DependencyInjection.Abstractions": "3.1.4",
          "Microsoft.Extensions.Primitives": "3.1.4"
        }
      },
      "Microsoft.Extensions.Primitives": {
        "type": "Transitive",
        "resolved": "3.1.4",
        "contentHash": "tLR9n5ltwA56nr1t5M6q5IBfGLXtMS+XgumtqVENmtPQOWUD+m0Kgo1U6GWr06Y875WUN3sOGnmqkvW4an7fYA=="
      },
      "Newtonsoft.Json": {
        "type": "Transitive",
        "resolved": "12.0.3",
        "contentHash": "6mgjfnRB4jKMlzHSl+VD+oUc1IebOZabkbyWj2RiTgWwYPPuaK1H97G1sHqGwPlS5npiF5Q0OrxN1wni2n5QWg=="
      },
      "System.Collections.Immutable": {
        "type": "Transitive",
        "resolved": "1.7.0",
        "contentHash": "RVSM6wZUo6L2y6P3vN6gjUtyJ2IF2RVtrepF3J7nrDKfFQd5u/SnSUFclchYQis8/k5scHy9E+fVeKVQLnnkzw=="
      },
      "System.ComponentModel.Annotations": {
        "type": "Transitive",
        "resolved": "4.7.0",
        "contentHash": "0YFqjhp/mYkDGpU0Ye1GjE53HMp9UVfGN7seGpAMttAC0C40v5gw598jCgpbBLMmCo0E5YRLBv5Z2doypO49ZQ=="
      },
      "System.Diagnostics.DiagnosticSource": {
        "type": "Transitive",
        "resolved": "4.7.1",
        "contentHash": "j81Lovt90PDAq8kLpaJfJKV/rWdWuEk6jfV+MBkee33vzYLEUsy4gXK8laa9V2nZlLM9VM9yA/OOQxxPEJKAMw=="
      },
      "System.Memory": {
        "type": "Transitive",
        "resolved": "4.5.4",
        "contentHash": "1MbJTHS1lZ4bS4FmsJjnuGJOu88ZzTT2rLvrhW7Ygic+pC0NWA+3hgAen0HRdsocuQXCkUTdFn9yHJJhsijDXw=="
      },
      "System.Text.Json": {
        "type": "Transitive",
        "resolved": "4.7.0",
        "contentHash": "IPq/x/d5nAcnD3vIyM3AbPOaTgcqrh0AqPSx7U53UFu3M6k1TH1u/eXc9/h4jm/3mpP1WRUpevlPY4PACd7AWw=="
      },
      "System.Threading.Channels": {
        "type": "Transitive",
        "resolved": "4.7.0",
        "contentHash": "gdOOXBhtt2UpTxYJm1DRmoqNfYg5ypvhzhVt0vxKhzxXFjS81r8yIOSFsJYLRa1Jc14GBAqCnjxJstO3zBN7gg=="
      },
      "System.Threading.Tasks.Extensions": {
        "type": "Transitive",
        "resolved": "4.5.4",
        "contentHash": "zteT+G8xuGu6mS+mzDzYXbzS7rd3K6Fjb9RiZlYlJPam2/hU7JCBZBVEcywNuR+oZ1ncTvc/cq0faRr3P01OVg=="
      }
    }
  }
}