{
  "version": 1,
  "dependencies": {
    "net7.0": {
      "HotChocolate.AspNetCore": {
        "type": "Direct",
        "requested": "[13.0.5, )",
        "resolved": "13.0.5",
        "contentHash": "AEFRh33GyHOzF/bBlPMj5dQvvGRWTl2ubBGTqdXNk8x+1oNeSVLKifb/WtWouacZdnrZMh2S421HUjXESNQDdQ==",
        "dependencies": {
          "HotChocolate": "13.0.5",
          "HotChocolate.Subscriptions.InMemory": "13.0.5",
          "HotChocolate.Transport.Sockets": "13.0.5",
          "HotChocolate.Types.Scalars.Upload": "13.0.5"
        }
      },
      "HotChocolate.AspNetCore.Authorization": {
        "type": "Direct",
        "requested": "[13.0.5, )",
        "resolved": "13.0.5",
        "contentHash": "eLwuUF/MRPNbof3DbacjUbuSqHFeXoOHD/WoLUnjtfp4yJ4d9KFbc9GjpaxI/T01KtZbpu6Gf8a0D/P0jLyhWw==",
        "dependencies": {
          "HotChocolate": "13.0.5",
          "Microsoft.AspNetCore.Authorization": "3.1.4",
          "Microsoft.Extensions.DependencyInjection": "3.1.4"
        }
      },
      "HotChocolate.Data": {
        "type": "Direct",
        "requested": "[13.0.5, )",
        "resolved": "13.0.5",
        "contentHash": "bAciLZRXkAG9aSwjMWHp77oX3EmdlyQL1wEpDBw7M5C5N9K/CSxqR/Vb6dVnlj9VSzUOmAg7fPow5dOvY9QSqg==",
        "dependencies": {
          "HotChocolate.Execution": "13.0.5",
          "HotChocolate.Types.CursorPagination": "13.0.5"
        }
      },
      "Microsoft.Extensions.DependencyInjection.Abstractions": {
        "type": "Direct",
        "requested": "[7.0.0, )",
        "resolved": "7.0.0",
        "contentHash": "h3j/QfmFN4S0w4C2A6X7arXij/M/OVw3uQHSOFxnND4DyAzO1F9eMX7Eti7lU/OkSthEE0WzRsfT/Dmx86jzCw=="
      },
      "Microsoft.Extensions.Logging.Abstractions": {
        "type": "Direct",
        "requested": "[7.0.0, )",
        "resolved": "7.0.0",
        "contentHash": "kmn78+LPVMOWeITUjIlfxUPDsI0R6G0RkeAMBmQxAJ7vBJn4q2dTva7pWi65ceN5vPGjJ9q/Uae2WKgvfktJAw=="
      },
      "GreenDonut": {
        "type": "Transitive",
        "resolved": "13.0.5",
        "contentHash": "eIWKcI7cudxfyibIGBtxnR33nbdXlrFlOOXpG/Hhe63aY1Pg5wCk+sKE0UK0SjpMJ4n1O7UMt7lNTduYuszFvQ==",
        "dependencies": {
          "Microsoft.Extensions.ObjectPool": "3.1.4",
          "System.Diagnostics.DiagnosticSource": "4.7.0",
          "System.Threading.Tasks.Extensions": "4.5.0"
        }
      },
      "HotChocolate": {
        "type": "Transitive",
        "resolved": "13.0.5",
        "contentHash": "1l+MiQTe/RQYpG3mDq5cuC/4Mat0HeaJzUH2yMlBY3Y4DwL5qrV8Y/P9Xm4EYeGzMBU3RGmXTOu6p/bObSnotw==",
        "dependencies": {
          "HotChocolate.Authorization": "13.0.5",
          "HotChocolate.Execution": "13.0.5",
          "HotChocolate.Fetching": "13.0.5",
          "HotChocolate.Types": "13.0.5",
          "HotChocolate.Types.CursorPagination": "13.0.5",
          "HotChocolate.Types.Mutations": "13.0.5",
          "HotChocolate.Types.OffsetPagination": "13.0.5",
          "HotChocolate.Validation": "13.0.5"
        }
      },
      "HotChocolate.Abstractions": {
        "type": "Transitive",
        "resolved": "13.0.5",
        "contentHash": "NRehH4rqLy36MBn7bqhH6SsrCHNTs2UO3m7NenEL5GD7hUaeU74b5fjeXQMSCS63al3/1u7sSZm0K4AwBLbZHQ==",
        "dependencies": {
          "HotChocolate.Language": "13.0.5",
          "Microsoft.Bcl.AsyncInterfaces": "1.1.0",
          "System.Collections.Immutable": "1.7.0"
        }
      },
      "HotChocolate.Authorization": {
        "type": "Transitive",
        "resolved": "13.0.5",
        "contentHash": "4iALAd7LrNIKqT1lsFg8LfGll1hpDmQrKaST25nY7oxnUrpBYrdRLPSBEu/JGwdNHfqlmijIlLu/7HVB0kxeQw==",
        "dependencies": {
          "HotChocolate.Execution": "13.0.5"
        }
      },
      "HotChocolate.Execution": {
        "type": "Transitive",
        "resolved": "13.0.5",
        "contentHash": "si9a6ZrdJFH7PCur1Z6Uh1n7p5sJexf5fRFtBpHHVUXfa2apXPABaD9Ta/YxG7lJREVW9hq1by8dsRHf5zf1Qg==",
        "dependencies": {
          "HotChocolate.Abstractions": "13.0.5",
          "HotChocolate.Execution.Abstractions": "13.0.5",
          "HotChocolate.Fetching": "13.0.5",
          "HotChocolate.Types": "13.0.5",
          "HotChocolate.Validation": "13.0.5",
          "Microsoft.Extensions.DependencyInjection": "3.1.4",
          "Microsoft.Extensions.DiagnosticAdapter": "3.1.4",
          "System.Threading.Channels": "4.7.0"
        }
      },
      "HotChocolate.Execution.Abstractions": {
        "type": "Transitive",
        "resolved": "13.0.5",
        "contentHash": "q6dhV10J8CUEY9q1uRKTmjums/tSQv3TvZH6jzke4K4gsDnEMykwqsUE0IHGtv31L9fgqhhwIF4ul5ka+cPdDw==",
        "dependencies": {
          "HotChocolate.Abstractions": "13.0.5",
          "Microsoft.Extensions.DependencyInjection.Abstractions": "3.1.4"
        }
      },
      "HotChocolate.Fetching": {
        "type": "Transitive",
        "resolved": "13.0.5",
        "contentHash": "8qP530q7+7SfBXy3FILrE69+whugkxz3gNG5TFCDOPwwcty71SIeOjQ/T2ycRqhO0GhUEkmA1Jt6t2GWwhVdRA==",
        "dependencies": {
          "GreenDonut": "13.0.5",
          "HotChocolate.Types": "13.0.5"
        }
      },
      "HotChocolate.Language": {
        "type": "Transitive",
        "resolved": "13.0.5",
        "contentHash": "8voOuwO1Je7KBpYDBt/XDhd6QaI8ls5+f4+u0BPMNm8fCSiXydv+w/x0Vt9DndBuSb5UU24k8DS7Ky46LM/I8g==",
        "dependencies": {
          "HotChocolate.Language.SyntaxTree": "13.0.5",
          "HotChocolate.Language.Utf8": "13.0.5",
          "HotChocolate.Language.Visitors": "13.0.5",
          "HotChocolate.Language.Web": "13.0.5"
        }
      },
      "HotChocolate.Language.SyntaxTree": {
        "type": "Transitive",
        "resolved": "13.0.5",
        "contentHash": "yfZF1sUlYabmWJQYS9h9YBoEmQGXL8oMSANU8tSS+PslaoVyIzTBYv+daUMQk/S87vSinqg/sfc2+iJm9hhMIA==",
        "dependencies": {
          "Microsoft.Extensions.ObjectPool": "3.1.4"
        }
      },
      "HotChocolate.Language.Utf8": {
        "type": "Transitive",
        "resolved": "13.0.5",
        "contentHash": "hd9RxutccF8ESuWzJu4AB3whTPCrK+r7y3KLoBMw2FTk6rN1KUzEn5OmcB9fR/livJOWFKQ7atc4fD+siboHJQ==",
        "dependencies": {
          "HotChocolate.Language.SyntaxTree": "13.0.5"
        }
      },
      "HotChocolate.Language.Visitors": {
        "type": "Transitive",
        "resolved": "13.0.5",
        "contentHash": "0hE7CFEeFIcxz6iXVpOHuBZ/Fm8/fWk+d8XIbNKQvhZGqqloRUD3yAMkVGApjL9+psi8R3YHZNPx40v4MKhShg==",
        "dependencies": {
          "HotChocolate.Language.SyntaxTree": "13.0.5"
        }
      },
      "HotChocolate.Language.Web": {
        "type": "Transitive",
        "resolved": "13.0.5",
        "contentHash": "xciPVsy+EaGnYCgLnSq0EnoyjPDfPglsw05B5TceeWw8WqRQ2njtOcJatvvHGvp/jZrL7NKWVu0+PudXkThk/Q==",
        "dependencies": {
          "HotChocolate.Language.Utf8": "13.0.5"
        }
      },
      "HotChocolate.Subscriptions": {
        "type": "Transitive",
        "resolved": "13.0.5",
        "contentHash": "G/i1OTh0h02SAYjD2jFqof0HoXbpRDZOeryL5xCDbXLGy+exJv84El6VM567revoH8m8tva6X0VCJ0n5vmIQRQ==",
        "dependencies": {
          "HotChocolate.Abstractions": "13.0.5",
          "HotChocolate.Execution.Abstractions": "13.0.5"
        }
      },
      "HotChocolate.Subscriptions.InMemory": {
        "type": "Transitive",
        "resolved": "13.0.5",
        "contentHash": "+kcay6CpsBM5wpdv/ZwFfbULpxxirEzn/p5qvSpiuzwRt/ZdkAt1clBOUWKOZRmGZy8becNsLVv2E6ExJo7Y9g==",
        "dependencies": {
          "HotChocolate.Execution.Abstractions": "13.0.5",
          "HotChocolate.Subscriptions": "13.0.5",
          "Microsoft.Extensions.DependencyInjection.Abstractions": "3.1.4"
        }
      },
      "HotChocolate.Transport.Sockets": {
        "type": "Transitive",
        "resolved": "13.0.5",
        "contentHash": "z0qkG4ilcGsictatV7FcM7ox7uSEZRjKwTJaMRm1V7k6PTytJq+wGyIvN4MoEV29lM+V9tbWvxrHkZtJcs7WRw==",
        "dependencies": {
          "System.IO.Pipelines": "4.7.0"
        }
      },
      "HotChocolate.Types": {
        "type": "Transitive",
        "resolved": "13.0.5",
        "contentHash": "Y9q4uSy8vz7avxJOcmOep89I2l/MjDk5sftcpnLn9MCg5bK+gavKFQ6SbantWZ/nRLybOKx5Z+/S+DwPzLkKcA==",
        "dependencies": {
          "HotChocolate.Abstractions": "13.0.5",
          "HotChocolate.Utilities": "13.0.5",
          "HotChocolate.Utilities.Introspection": "13.0.5",
          "Microsoft.Extensions.DependencyInjection.Abstractions": "3.1.4",
          "Microsoft.Extensions.ObjectPool": "3.1.4",
          "System.ComponentModel.Annotations": "4.7.0",
          "System.Text.Json": "6.0.0"
        }
      },
      "HotChocolate.Types.CursorPagination": {
        "type": "Transitive",
        "resolved": "13.0.5",
        "contentHash": "Y2srrZLg6wK3yp/VV7l+zLpw5mhNdbBbhmLv/0pZACxVD0PEYTStEgxZKFj+nwPXSr1mKsa1892yFIx/yY1SbQ==",
        "dependencies": {
          "HotChocolate.Execution": "13.0.5",
          "HotChocolate.Types": "13.0.5"
        }
      },
      "HotChocolate.Types.Mutations": {
        "type": "Transitive",
        "resolved": "13.0.5",
        "contentHash": "h99LjKUXSSHOIoewzhgQJLGLMC54wTBZfsIfWU1zjanu4cZfGO56WdZMATCNkXy8WRZWISijUYP+pFUSFq3RfA==",
        "dependencies": {
          "HotChocolate.Execution": "13.0.5",
          "HotChocolate.Types": "13.0.5"
        }
      },
      "HotChocolate.Types.OffsetPagination": {
        "type": "Transitive",
        "resolved": "13.0.5",
        "contentHash": "ktqsgEChegQJCglXGngczdf50RJT0dtw2Onx+mT3w9fP1HRffde6DQ84OQ9wNXGYXki0svvOE3ua11d5h5EODQ==",
        "dependencies": {
          "HotChocolate.Execution": "13.0.5",
          "HotChocolate.Types": "13.0.5"
        }
      },
      "HotChocolate.Types.Scalars.Upload": {
        "type": "Transitive",
        "resolved": "13.0.5",
        "contentHash": "WDvbgVde9NmV8y8c58tzE1m0L98rr+SlzF7B6x3HmKNdggPI/44k6N9vu7Iwh/Ly1WG7m1I/zg5D3lnvT7dGag==",
        "dependencies": {
          "HotChocolate.Types": "13.0.5"
        }
      },
      "HotChocolate.Utilities": {
        "type": "Transitive",
        "resolved": "13.0.5",
        "contentHash": "sL5N4/rFsaP0/+xNgi+jUzsGe3X160AybNC+EpbUkeIBqGZKVbPgCUtFvxa1cZVBvWdq8CAm2HiaIXjctlTC/g==",
        "dependencies": {
          "Microsoft.Bcl.AsyncInterfaces": "1.1.0",
          "System.Memory": "4.5.4",
          "System.Threading.Tasks.Extensions": "4.5.4"
        }
      },
      "HotChocolate.Utilities.Introspection": {
        "type": "Transitive",
        "resolved": "13.0.5",
        "contentHash": "LUbNyyn3yz+j2npPFFmPmKLSdwJGGOFViaPcYQDGJgXHB1VRf1ad0VuuWGDUn83LQoFzMFrWHwplwqLQZu+33w==",
        "dependencies": {
          "HotChocolate.Language": "13.0.5",
          "System.Text.Json": "4.7.0"
        }
      },
      "HotChocolate.Validation": {
        "type": "Transitive",
        "resolved": "13.0.5",
        "contentHash": "M/ahERRiu+kj2hBoTqpXlcvxdMrsNFdhyM5OlitJwnca6cWpwpHxaDGYRrrPmOqlVsqW2Yo2xBbxzuw/R8z/oA==",
        "dependencies": {
          "HotChocolate.Types": "13.0.5",
          "Microsoft.Extensions.DependencyInjection.Abstractions": "3.1.4",
          "Microsoft.Extensions.Options": "3.1.4"
        }
      },
      "Microsoft.AspNetCore.Authorization": {
        "type": "Transitive",
        "resolved": "3.1.4",
        "contentHash": "uIHoOU15To1V1XbYwYHStke+gtKSormPtrgEqI9i8+kslM/0YJXraLPe1ygFZk+mH459s3Evns6QV1AZRcL90A==",
        "dependencies": {
          "Microsoft.AspNetCore.Metadata": "3.1.4",
          "Microsoft.Extensions.Logging.Abstractions": "3.1.4",
          "Microsoft.Extensions.Options": "3.1.4"
        }
      },
      "Microsoft.AspNetCore.Metadata": {
        "type": "Transitive",
        "resolved": "3.1.4",
        "contentHash": "8P2GHgUdyWf8MnxGsF4iXzcPaefvTT3sx9FhEBaw+QtcctAfja018wQTg0VC9nXodc9t/Dc+6lO3Ar68W9IKIQ=="
      },
      "Microsoft.Bcl.AsyncInterfaces": {
        "type": "Transitive",
        "resolved": "1.1.0",
        "contentHash": "1Am6l4Vpn3/K32daEqZI+FFr96OlZkgwK2LcT3pZ2zWubR5zTPW3/FkO1Rat9kb7oQOa4rxgl9LJHc5tspCWfg=="
      },
      "Microsoft.Extensions.DependencyInjection": {
        "type": "Transitive",
        "resolved": "3.1.4",
        "contentHash": "dAWhz6BEjUFIVLUPbT1s1sUrPTwbUWdw2iBRRe3ej3xXcKS+oo64dKrIWFxRjYP6TWyESpGFNY5NGeA5FcHVlg==",
        "dependencies": {
          "Microsoft.Extensions.DependencyInjection.Abstractions": "3.1.4"
        }
      },
      "Microsoft.Extensions.DiagnosticAdapter": {
        "type": "Transitive",
        "resolved": "3.1.4",
        "contentHash": "JiYsxaO6FnH477kGwQLZoj1+XFgwA1ZOjnmypgGhxeLdsmL4o29dP1vfOwmwsU9+nJ5ugtqq4Xs4DcVAGSLt3w==",
        "dependencies": {
          "System.Diagnostics.DiagnosticSource": "4.7.1"
        }
      },
      "Microsoft.Extensions.ObjectPool": {
        "type": "Transitive",
        "resolved": "3.1.4",
        "contentHash": "ZmgpBTnKA2OSJjtL5A1tNSWAQn8I0ELJMW+oKMZVmVHhjG8IyqlhqkfXT9jxgPp8ddCt4t4oXsKn1HAz+sJO1A=="
      },
      "Microsoft.Extensions.Options": {
        "type": "Transitive",
        "resolved": "3.1.4",
        "contentHash": "ntWmD8i6UmAo0nn5MiCXIVl3+75aybVHgP/NxL9B16zwsbGkSfs+66BullsGEDNvrimgIFVDO+iB/h0yWfATWg==",
        "dependencies": {
          "Microsoft.Extensions.DependencyInjection.Abstractions": "3.1.4",
          "Microsoft.Extensions.Primitives": "3.1.4"
        }
      },
      "Microsoft.Extensions.Primitives": {
        "type": "Transitive",
        "resolved": "3.1.4",
        "contentHash": "tLR9n5ltwA56nr1t5M6q5IBfGLXtMS+XgumtqVENmtPQOWUD+m0Kgo1U6GWr06Y875WUN3sOGnmqkvW4an7fYA=="
      },
      "System.Collections.Immutable": {
        "type": "Transitive",
        "resolved": "1.7.0",
        "contentHash": "RVSM6wZUo6L2y6P3vN6gjUtyJ2IF2RVtrepF3J7nrDKfFQd5u/SnSUFclchYQis8/k5scHy9E+fVeKVQLnnkzw=="
      },
      "System.ComponentModel.Annotations": {
        "type": "Transitive",
        "resolved": "4.7.0",
        "contentHash": "0YFqjhp/mYkDGpU0Ye1GjE53HMp9UVfGN7seGpAMttAC0C40v5gw598jCgpbBLMmCo0E5YRLBv5Z2doypO49ZQ=="
      },
      "System.Diagnostics.DiagnosticSource": {
        "type": "Transitive",
        "resolved": "4.7.1",
        "contentHash": "j81Lovt90PDAq8kLpaJfJKV/rWdWuEk6jfV+MBkee33vzYLEUsy4gXK8laa9V2nZlLM9VM9yA/OOQxxPEJKAMw=="
      },
      "System.IO.Pipelines": {
        "type": "Transitive",
        "resolved": "4.7.0",
        "contentHash": "S0L7oyWyQdVzD+5xIvcC8h44Vc+FY+qXDCLRh2+YsuBDORNphcxNX+tXR6ByLMjQ/7jDaXxsYBF6qbAr7ZIaFw=="
      },
      "System.Memory": {
        "type": "Transitive",
        "resolved": "4.5.4",
        "contentHash": "1MbJTHS1lZ4bS4FmsJjnuGJOu88ZzTT2rLvrhW7Ygic+pC0NWA+3hgAen0HRdsocuQXCkUTdFn9yHJJhsijDXw=="
      },
      "System.Runtime.CompilerServices.Unsafe": {
        "type": "Transitive",
        "resolved": "6.0.0",
        "contentHash": "/iUeP3tq1S0XdNNoMz5C9twLSrM/TH+qElHkXWaPvuNOt+99G75NrV0OS2EqHx5wMN7popYjpc8oTjC1y16DLg=="
      },
      "System.Text.Encodings.Web": {
        "type": "Transitive",
        "resolved": "6.0.0",
        "contentHash": "Vg8eB5Tawm1IFqj4TVK1czJX89rhFxJo9ELqc/Eiq0eXy13RK00eubyU6TJE6y+GQXjyV5gSfiewDUZjQgSE0w==",
        "dependencies": {
          "System.Runtime.CompilerServices.Unsafe": "6.0.0"
        }
      },
      "System.Text.Json": {
        "type": "Transitive",
        "resolved": "6.0.0",
        "contentHash": "zaJsHfESQvJ11vbXnNlkrR46IaMULk/gHxYsJphzSF+07kTjPHv+Oc14w6QEOfo3Q4hqLJgStUaYB9DBl0TmWg==",
        "dependencies": {
          "System.Runtime.CompilerServices.Unsafe": "6.0.0",
          "System.Text.Encodings.Web": "6.0.0"
        }
      },
      "System.Threading.Channels": {
        "type": "Transitive",
        "resolved": "4.7.0",
        "contentHash": "gdOOXBhtt2UpTxYJm1DRmoqNfYg5ypvhzhVt0vxKhzxXFjS81r8yIOSFsJYLRa1Jc14GBAqCnjxJstO3zBN7gg=="
      },
      "System.Threading.Tasks.Extensions": {
        "type": "Transitive",
        "resolved": "4.5.4",
        "contentHash": "zteT+G8xuGu6mS+mzDzYXbzS7rd3K6Fjb9RiZlYlJPam2/hU7JCBZBVEcywNuR+oZ1ncTvc/cq0faRr3P01OVg=="
      }
    }
  }
}