
Microsoft Visual Studio Solution File, Format Version 12.00
# Visual Studio Version 17
VisualStudioVersion = 17.0.31903.59
MinimumVisualStudioVersion = 10.0.40219.1
Project("{9A19103F-16F7-4668-BE54-9A1E7A4F7556}") = "Nikcio.UHeadless", "Nikcio.UHeadless\Nikcio.UHeadless.csproj", "{4AF514FA-F5EB-4E42-B14F-A0DE0D66A3F0}"
EndProject
Project("{9A19103F-16F7-4668-BE54-9A1E7A4F7556}") = "TestProject", "TestProject\TestProject.csproj", "{D3D39120-1C2D-48E5-9B51-7B02F4B5F651}"
EndProject
Project("{2150E333-8FDC-42A3-9474-1A3956D46DE8}") = "Solution Items", "Solution Items", "{31507724-45D7-4851-A348-C4B6CC8CB582}"
	ProjectSection(SolutionItems) = preProject
		.editorconfig = .editorconfig
	EndProjectSection
EndProject
Project("{FAE04EC0-301F-11D3-BF4B-00C04F79EFBC}") = "Examples", "Examples\Examples.csproj", "{FCDB18CB-A76C-4CF3-B3D4-0A637E26248D}"
EndProject
Project("{2150E333-8FDC-42A3-9474-1A3956D46DE8}") = "Documentation", "Documentation", "{F0529D39-0D1E-46D1-A596-7360D63C643A}"
EndProject
Global
	GlobalSection(SolutionConfigurationPlatforms) = preSolution
		Debug|Any CPU = Debug|Any CPU
		Release|Any CPU = Release|Any CPU
	EndGlobalSection
	GlobalSection(ProjectConfigurationPlatforms) = postSolution
		{4AF514FA-F5EB-4E42-B14F-A0DE0D66A3F0}.Debug|Any CPU.ActiveCfg = Debug|Any CPU
		{4AF514FA-F5EB-4E42-B14F-A0DE0D66A3F0}.Debug|Any CPU.Build.0 = Debug|Any CPU
		{4AF514FA-F5EB-4E42-B14F-A0DE0D66A3F0}.Release|Any CPU.ActiveCfg = Release|Any CPU
		{4AF514FA-F5EB-4E42-B14F-A0DE0D66A3F0}.Release|Any CPU.Build.0 = Release|Any CPU
		{D3D39120-1C2D-48E5-9B51-7B02F4B5F651}.Debug|Any CPU.ActiveCfg = Debug|Any CPU
		{D3D39120-1C2D-48E5-9B51-7B02F4B5F651}.Debug|Any CPU.Build.0 = Debug|Any CPU
		{D3D39120-1C2D-48E5-9B51-7B02F4B5F651}.Release|Any CPU.ActiveCfg = Release|Any CPU
		{D3D39120-1C2D-48E5-9B51-7B02F4B5F651}.Release|Any CPU.Build.0 = Release|Any CPU
		{FCDB18CB-A76C-4CF3-B3D4-0A637E26248D}.Debug|Any CPU.ActiveCfg = Debug|Any CPU
		{FCDB18CB-A76C-4CF3-B3D4-0A637E26248D}.Debug|Any CPU.Build.0 = Debug|Any CPU
		{FCDB18CB-A76C-4CF3-B3D4-0A637E26248D}.Release|Any CPU.ActiveCfg = Release|Any CPU
		{FCDB18CB-A76C-4CF3-B3D4-0A637E26248D}.Release|Any CPU.Build.0 = Release|Any CPU
	EndGlobalSection
	GlobalSection(SolutionProperties) = preSolution
		HideSolutionNode = FALSE
	EndGlobalSection
	GlobalSection(NestedProjects) = preSolution
		{FCDB18CB-A76C-4CF3-B3D4-0A637E26248D} = {F0529D39-0D1E-46D1-A596-7360D63C643A}
	EndGlobalSection
	GlobalSection(ExtensibilityGlobals) = postSolution
		SolutionGuid = {35FA3052-75A6-4E60-8C6B-1882EE08D1CD}
	EndGlobalSection
EndGlobal
