{
  "version": 1,
  "dependencies": {
    "net6.0": {
      "GreenDonut": {
        "type": "Transitive",
        "resolved": "12.12.1",
        "contentHash": "fq3Z2L5N9BkINA3aw7A5GYfRQIQs1nun+Fu65rXqFPVCV7qftKUTj5PRsS4R6HQ3mGbgKQEIsyaypNnRWTZ+fQ==",
        "dependencies": {
          "Microsoft.Extensions.ObjectPool": "3.1.4",
          "System.Diagnostics.DiagnosticSource": "4.7.0",
          "System.Threading.Tasks.Extensions": "4.5.0"
        }
      },
      "HotChocolate": {
        "type": "Transitive",
        "resolved": "12.12.1",
        "contentHash": "0lbu2n5c/jGj6aZXtlLkJNVEYXeicXm0jvpLOQH7ffepLTKZQvHX9o3DuaWrYvXoNBsnpgYQ+2jBBPfrehvhcw==",
        "dependencies": {
          "HotChocolate.Execution": "12.12.1",
          "HotChocolate.Fetching": "12.12.1",
          "HotChocolate.Subscriptions.InMemory": "12.12.1",
          "HotChocolate.Types": "12.12.1",
          "HotChocolate.Types.CursorPagination": "12.12.1",
          "HotChocolate.Types.Mutations": "12.12.1",
          "HotChocolate.Types.OffsetPagination": "12.12.1",
          "HotChocolate.Validation": "12.12.1"
        }
      },
      "HotChocolate.Abstractions": {
        "type": "Transitive",
        "resolved": "12.12.1",
        "contentHash": "v2TPJKYbHrWy5J5qAXWYf3vDpjARjFRK5vrR2OheHDmjuTMH1HF9MIr8+IP9rI2dOSe/xkP3cVEyRA9EbexyYA==",
        "dependencies": {
          "HotChocolate.Language": "12.12.1",
          "Microsoft.Bcl.AsyncInterfaces": "1.1.0",
          "System.Collections.Immutable": "1.7.0"
        }
      },
      "HotChocolate.AspNetCore": {
        "type": "Transitive",
        "resolved": "12.12.1",
        "contentHash": "PJ5KnW6zEwzMhpXcivl/7rT0og51DsVJyN+GdUV8/we0R5FvfrJKyUWv97DyRMOvUJ5c5mYZK3xDO7YtnQ+J0A==",
        "dependencies": {
          "HotChocolate": "12.12.1",
          "HotChocolate.Types.Scalars.Upload": "12.12.1"
        }
      },
      "HotChocolate.AspNetCore.Authorization": {
        "type": "Transitive",
        "resolved": "12.12.1",
        "contentHash": "ePHIojP6Jin83tIuW8IHcZllQ5mSZIDn2CVnLMfOBsHDcQMNz3aQmTPViaJapGoXDpC/wfwtnDHOkcwavfl/ZA==",
        "dependencies": {
          "HotChocolate": "12.12.1",
          "Microsoft.AspNetCore.Authorization": "3.1.4",
          "Microsoft.Extensions.DependencyInjection": "3.1.4"
        }
      },
      "HotChocolate.Data": {
        "type": "Transitive",
        "resolved": "12.12.1",
        "contentHash": "xRnMjhsbdG0loDzR7U+zWglU+u1vmhR5xmP2BkGEmzQku+LZ45B3MfeaYv+S7Zk9w246t2lhRHFlkWBSLec88w==",
        "dependencies": {
          "HotChocolate.Execution": "12.12.1",
          "HotChocolate.Types.CursorPagination": "12.12.1"
        }
      },
      "HotChocolate.Execution": {
        "type": "Transitive",
        "resolved": "12.12.1",
        "contentHash": "iw/K/UAKnmcs6QHLf/+lsNgxjZYvRR5SF2b2V8yNHXNrPcm+OeapkS8JybmjbS5mNgeGwYJicmAv6DgQq+Ojig==",
        "dependencies": {
          "HotChocolate.Abstractions": "12.12.1",
          "HotChocolate.Fetching": "12.12.1",
          "HotChocolate.Types": "12.12.1",
          "HotChocolate.Validation": "12.12.1",
          "Microsoft.Extensions.DependencyInjection": "3.1.4",
          "Microsoft.Extensions.DiagnosticAdapter": "3.1.4",
          "System.Threading.Channels": "4.7.0"
        }
      },
      "HotChocolate.Fetching": {
        "type": "Transitive",
        "resolved": "12.12.1",
        "contentHash": "8UlNyQ5172sBXopg1xzH+YbXTzVXGPeGCplHYbRrwvQrAk92aY9TjzAuyQSvssoK5wPAGvKebR5qHrri//82pw==",
        "dependencies": {
          "GreenDonut": "12.12.1",
          "HotChocolate.Types": "12.12.1"
        }
      },
      "HotChocolate.Language": {
        "type": "Transitive",
        "resolved": "12.12.1",
        "contentHash": "JThRzCzvBg7TZyHz4BOpOCXE6H2J9XzfkEzk61AFNbe/R7d8U0IsGuy76Gq/cFqCsCwpEffYDbboUvM257GP2w==",
        "dependencies": {
          "HotChocolate.Language.SyntaxTree": "12.12.1",
          "HotChocolate.Language.Utf8": "12.12.1",
          "HotChocolate.Language.Visitors": "12.12.1"
        }
      },
      "HotChocolate.Language.SyntaxTree": {
        "type": "Transitive",
        "resolved": "12.12.1",
        "contentHash": "0chgOdduhqGAHKxTTazuaDaJC3gONugqFtkxWX5P0MgIqSHuO4Nnql+eZUPVF7IThWh/m6dl8dLl7f/lZurdhQ==",
        "dependencies": {
          "Microsoft.Extensions.ObjectPool": "3.1.4"
        }
      },
      "HotChocolate.Language.Utf8": {
        "type": "Transitive",
        "resolved": "12.12.1",
        "contentHash": "zC3hM0LQPP35sjb3c6I1AMwxUGpu2w5uyZS7fREYVZInF3atbCXOlQhmWDMXwTypwMQcD5eGWcdFPw/8y3i5/Q==",
        "dependencies": {
          "HotChocolate.Language.SyntaxTree": "12.12.1"
        }
      },
      "HotChocolate.Language.Visitors": {
        "type": "Transitive",
        "resolved": "12.12.1",
        "contentHash": "D+nzJ4LLeWsYKKNnN2ZeWF6TzgaRhv/n4an5nVB60iN4ZxXFajXysWcRxsR1WyuYlvNNZXNGImIE+L+eL42dew==",
        "dependencies": {
          "HotChocolate.Language.SyntaxTree": "12.12.1"
        }
      },
      "HotChocolate.Subscriptions": {
        "type": "Transitive",
        "resolved": "12.12.1",
        "contentHash": "Qunf591dt5fKjXUo6REWENsadVMlAeR+WjTVfrd2IickImqtBKi4XOphyi1viEPbEr8BTgpBYeb8Ec57txHXcA==",
        "dependencies": {
          "HotChocolate.Abstractions": "12.12.1",
          "Microsoft.Bcl.AsyncInterfaces": "1.1.0"
        }
      },
      "HotChocolate.Subscriptions.InMemory": {
        "type": "Transitive",
        "resolved": "12.12.1",
        "contentHash": "T1fmhWcZhN+pWMRrqF1mQKsl5xF9iMqKLultwdh7wbTlU8Nz0Xv9ST/bxwrttaVmEc8wEwNw8TMWguTU+sSdEg==",
        "dependencies": {
          "HotChocolate.Execution": "12.12.1",
          "HotChocolate.Subscriptions": "12.12.1",
          "Microsoft.Extensions.DependencyInjection.Abstractions": "3.1.4",
          "System.Threading.Channels": "4.7.0"
        }
      },
      "HotChocolate.Types": {
        "type": "Transitive",
        "resolved": "12.12.1",
        "contentHash": "k+etFTz4W1d+DuyEbZuTwyRJpTsuJr5AdHTfe2pj0YOekw/WOU106w+8tqx+zejRzEq7qqo37JqzpzdqD7TMFw==",
        "dependencies": {
          "HotChocolate.Abstractions": "12.12.1",
          "HotChocolate.Subscriptions": "12.12.1",
          "HotChocolate.Utilities": "12.12.1",
          "HotChocolate.Utilities.Introspection": "12.12.1",
          "Microsoft.Extensions.DependencyInjection.Abstractions": "3.1.4",
          "Microsoft.Extensions.ObjectPool": "3.1.4",
          "System.ComponentModel.Annotations": "4.7.0",
          "System.Text.Json": "4.7.0"
        }
      },
      "HotChocolate.Types.CursorPagination": {
        "type": "Transitive",
        "resolved": "12.12.1",
        "contentHash": "lYHO3zt2KcWqGMvyLF63NkUNG+QXg/QbCEVj9BRRV6T6Ta731mxyekPQ8bkguZKJ75dNVubHMaTzRDlfqtltJg==",
        "dependencies": {
          "HotChocolate.Execution": "12.12.1",
          "HotChocolate.Types": "12.12.1"
        }
      },
      "HotChocolate.Types.Mutations": {
        "type": "Transitive",
        "resolved": "12.12.1",
        "contentHash": "pIVouoNmD37OoLQTfpxNoTSetGjxOoATUcYqHZRtkNE8FjBHCls59OiJQhQDpxhSar+9Iiq9lsIc5k1QKJ1UHg==",
        "dependencies": {
          "HotChocolate.Execution": "12.12.1",
          "HotChocolate.Types": "12.12.1"
        }
      },
      "HotChocolate.Types.OffsetPagination": {
        "type": "Transitive",
        "resolved": "12.12.1",
        "contentHash": "ictlYrfP1wAVSnjPn26+ODX6pk7xIPs5VDaBkPE/raoY/0bHUQ/Q5pPXtL2Ib7bwF8uyKeK5Hv7cTwHPhLkZtw==",
        "dependencies": {
          "HotChocolate.Execution": "12.12.1",
          "HotChocolate.Types": "12.12.1"
        }
      },
      "HotChocolate.Types.Scalars.Upload": {
        "type": "Transitive",
        "resolved": "12.12.1",
        "contentHash": "fox/WoOFxEb84RZChdV5DwgyRUvMpQGvIFqCDeBOUkYAUsVRIojxw97w7ReE4borlwzf0JJFmdXqEQoZINYx3g==",
        "dependencies": {
          "HotChocolate.Types": "12.12.1"
        }
      },
      "HotChocolate.Utilities": {
        "type": "Transitive",
        "resolved": "12.12.1",
        "contentHash": "p0mlGxzdHGLtX0QTJ2/CTGNCDM9rzO9GlTmiWUGQwp5V6tmEjORV8pTo8a8+/ubo1AwtoYce4AkJ7z1lRLDpRA==",
        "dependencies": {
          "Microsoft.Bcl.AsyncInterfaces": "1.1.0",
          "Newtonsoft.Json": "12.0.3",
          "System.Memory": "4.5.4",
          "System.Threading.Tasks.Extensions": "4.5.4"
        }
      },
      "HotChocolate.Utilities.Introspection": {
        "type": "Transitive",
        "resolved": "12.12.1",
        "contentHash": "n1FmjKmJv9arlPbqGFk+JZQu9NHht24+Ts7MjK1VlngbFAD4sE3gdrzdleuYJ59UdZ28rT2ZTDBrTXGaXXOrAQ==",
        "dependencies": {
          "HotChocolate.Language": "12.12.1",
          "System.Text.Json": "4.7.0"
        }
      },
      "HotChocolate.Validation": {
        "type": "Transitive",
        "resolved": "12.12.1",
        "contentHash": "vwE90kdN/7wuZ89DGpHanL/tKvl10PvNjS1RnuBhKKOWTZGq/jvYY1J6Pc0h/a6iiiOaAfa2V2VYmymnuQt3pg==",
        "dependencies": {
          "HotChocolate.Types": "12.12.1",
          "Microsoft.Extensions.DependencyInjection.Abstractions": "3.1.4",
          "Microsoft.Extensions.Options": "3.1.4"
        }
      },
      "Microsoft.AspNetCore.Authorization": {
        "type": "Transitive",
        "resolved": "3.1.4",
        "contentHash": "uIHoOU15To1V1XbYwYHStke+gtKSormPtrgEqI9i8+kslM/0YJXraLPe1ygFZk+mH459s3Evns6QV1AZRcL90A==",
        "dependencies": {
          "Microsoft.AspNetCore.Metadata": "3.1.4",
          "Microsoft.Extensions.Logging.Abstractions": "3.1.4",
          "Microsoft.Extensions.Options": "3.1.4"
        }
      },
      "Microsoft.AspNetCore.Metadata": {
        "type": "Transitive",
        "resolved": "3.1.4",
        "contentHash": "8P2GHgUdyWf8MnxGsF4iXzcPaefvTT3sx9FhEBaw+QtcctAfja018wQTg0VC9nXodc9t/Dc+6lO3Ar68W9IKIQ=="
      },
      "Microsoft.Bcl.AsyncInterfaces": {
        "type": "Transitive",
        "resolved": "1.1.0",
        "contentHash": "1Am6l4Vpn3/K32daEqZI+FFr96OlZkgwK2LcT3pZ2zWubR5zTPW3/FkO1Rat9kb7oQOa4rxgl9LJHc5tspCWfg=="
      },
      "Microsoft.Extensions.DependencyInjection": {
        "type": "Transitive",
        "resolved": "3.1.4",
        "contentHash": "dAWhz6BEjUFIVLUPbT1s1sUrPTwbUWdw2iBRRe3ej3xXcKS+oo64dKrIWFxRjYP6TWyESpGFNY5NGeA5FcHVlg==",
        "dependencies": {
          "Microsoft.Extensions.DependencyInjection.Abstractions": "3.1.4"
        }
      },
      "Microsoft.Extensions.DependencyInjection.Abstractions": {
        "type": "Transitive",
        "resolved": "6.0.0",
        "contentHash": "xlzi2IYREJH3/m6+lUrQlujzX8wDitm4QGnUu6kUXTQAWPuZY8i+ticFJbzfqaetLA6KR/rO6Ew/HuYD+bxifg=="
      },
      "Microsoft.Extensions.DiagnosticAdapter": {
        "type": "Transitive",
        "resolved": "3.1.4",
        "contentHash": "JiYsxaO6FnH477kGwQLZoj1+XFgwA1ZOjnmypgGhxeLdsmL4o29dP1vfOwmwsU9+nJ5ugtqq4Xs4DcVAGSLt3w==",
        "dependencies": {
          "System.Diagnostics.DiagnosticSource": "4.7.1"
        }
      },
      "Microsoft.Extensions.Logging.Abstractions": {
        "type": "Transitive",
        "resolved": "6.0.1",
        "contentHash": "dzB2Cgg+JmrouhjkcQGzSFjjvpwlq353i8oBQO2GWNjCXSzhbtBRUf28HSauWe7eib3wYOdb3tItdjRwAdwCSg=="
      },
      "Microsoft.Extensions.ObjectPool": {
        "type": "Transitive",
        "resolved": "3.1.4",
        "contentHash": "ZmgpBTnKA2OSJjtL5A1tNSWAQn8I0ELJMW+oKMZVmVHhjG8IyqlhqkfXT9jxgPp8ddCt4t4oXsKn1HAz+sJO1A=="
      },
      "Microsoft.Extensions.Options": {
        "type": "Transitive",
        "resolved": "3.1.4",
        "contentHash": "ntWmD8i6UmAo0nn5MiCXIVl3+75aybVHgP/NxL9B16zwsbGkSfs+66BullsGEDNvrimgIFVDO+iB/h0yWfATWg==",
        "dependencies": {
          "Microsoft.Extensions.DependencyInjection.Abstractions": "3.1.4",
          "Microsoft.Extensions.Primitives": "3.1.4"
        }
      },
      "Microsoft.Extensions.Primitives": {
        "type": "Transitive",
        "resolved": "3.1.4",
        "contentHash": "tLR9n5ltwA56nr1t5M6q5IBfGLXtMS+XgumtqVENmtPQOWUD+m0Kgo1U6GWr06Y875WUN3sOGnmqkvW4an7fYA=="
      },
      "Newtonsoft.Json": {
        "type": "Transitive",
        "resolved": "12.0.3",
        "contentHash": "6mgjfnRB4jKMlzHSl+VD+oUc1IebOZabkbyWj2RiTgWwYPPuaK1H97G1sHqGwPlS5npiF5Q0OrxN1wni2n5QWg=="
      },
      "System.Collections.Immutable": {
        "type": "Transitive",
        "resolved": "1.7.0",
        "contentHash": "RVSM6wZUo6L2y6P3vN6gjUtyJ2IF2RVtrepF3J7nrDKfFQd5u/SnSUFclchYQis8/k5scHy9E+fVeKVQLnnkzw=="
      },
      "System.ComponentModel.Annotations": {
        "type": "Transitive",
        "resolved": "4.7.0",
        "contentHash": "0YFqjhp/mYkDGpU0Ye1GjE53HMp9UVfGN7seGpAMttAC0C40v5gw598jCgpbBLMmCo0E5YRLBv5Z2doypO49ZQ=="
      },
      "System.Diagnostics.DiagnosticSource": {
        "type": "Transitive",
        "resolved": "4.7.1",
        "contentHash": "j81Lovt90PDAq8kLpaJfJKV/rWdWuEk6jfV+MBkee33vzYLEUsy4gXK8laa9V2nZlLM9VM9yA/OOQxxPEJKAMw=="
      },
      "System.Memory": {
        "type": "Transitive",
        "resolved": "4.5.4",
        "contentHash": "1MbJTHS1lZ4bS4FmsJjnuGJOu88ZzTT2rLvrhW7Ygic+pC0NWA+3hgAen0HRdsocuQXCkUTdFn9yHJJhsijDXw=="
      },
      "System.Text.Json": {
        "type": "Transitive",
        "resolved": "4.7.0",
        "contentHash": "IPq/x/d5nAcnD3vIyM3AbPOaTgcqrh0AqPSx7U53UFu3M6k1TH1u/eXc9/h4jm/3mpP1WRUpevlPY4PACd7AWw=="
      },
      "System.Threading.Channels": {
        "type": "Transitive",
        "resolved": "4.7.0",
        "contentHash": "gdOOXBhtt2UpTxYJm1DRmoqNfYg5ypvhzhVt0vxKhzxXFjS81r8yIOSFsJYLRa1Jc14GBAqCnjxJstO3zBN7gg=="
      },
      "System.Threading.Tasks.Extensions": {
        "type": "Transitive",
        "resolved": "4.5.4",
        "contentHash": "zteT+G8xuGu6mS+mzDzYXbzS7rd3K6Fjb9RiZlYlJPam2/hU7JCBZBVEcywNuR+oZ1ncTvc/cq0faRr3P01OVg=="
      },
      "nikcio.uheadless.core": {
        "type": "Project",
        "dependencies": {
          "HotChocolate.AspNetCore": "12.12.1",
          "HotChocolate.AspNetCore.Authorization": "12.12.1",
          "HotChocolate.Data": "12.12.1",
          "Microsoft.Extensions.DependencyInjection.Abstractions": "6.0.0",
          "Microsoft.Extensions.Logging.Abstractions": "6.0.1"
        }
      }
    }
  }
}