{
  "version": 1,
  "dependencies": {
    "net6.0": {
      "GreenDonut": {
        "type": "Transitive",
        "resolved": "12.13.0",
        "contentHash": "g/uPYPFdfvv1pUomTKg7hx90ColSQVFF371da0ptRWh9ahAtBWA2IA72oYV5E+LiQF2qNMcyMc7RfEOP2GDFNA==",
        "dependencies": {
          "Microsoft.Extensions.ObjectPool": "3.1.4",
          "System.Diagnostics.DiagnosticSource": "4.7.0",
          "System.Threading.Tasks.Extensions": "4.5.0"
        }
      },
      "HotChocolate": {
        "type": "Transitive",
        "resolved": "12.13.0",
        "contentHash": "VKMR2bSMCVzduyk7y9OVs+Qr/v6jHUE7WCG01LP6IJRYBF4Y+oc4zPtige0m/zH1IFZKpPSQcop5yCye35ZFFw==",
        "dependencies": {
          "HotChocolate.Execution": "12.13.0",
          "HotChocolate.Fetching": "12.13.0",
          "HotChocolate.Subscriptions.InMemory": "12.13.0",
          "HotChocolate.Types": "12.13.0",
          "HotChocolate.Types.CursorPagination": "12.13.0",
          "HotChocolate.Types.Mutations": "12.13.0",
          "HotChocolate.Types.OffsetPagination": "12.13.0",
          "HotChocolate.Validation": "12.13.0"
        }
      },
      "HotChocolate.Abstractions": {
        "type": "Transitive",
        "resolved": "12.13.0",
        "contentHash": "V4TFsAHJaLz/62m2VUvY0M5gKGleV3dhVCDcL/FQUY5hf7LXoCx6nJlR3eBeYslY+td97KYwWRQ07lm/Sbw8jA==",
        "dependencies": {
          "HotChocolate.Language": "12.13.0",
          "Microsoft.Bcl.AsyncInterfaces": "1.1.0",
          "System.Collections.Immutable": "1.7.0"
        }
      },
      "HotChocolate.AspNetCore": {
        "type": "Transitive",
        "resolved": "12.13.0",
        "contentHash": "M57/qiYJocyJiUxZKmIEsJNe7+qOM20G7VwUHMfrzz3o5V9ADrf5mqtoq9Aak4BN9AuP8o2IyjJU4IOBdc/MwQ==",
        "dependencies": {
          "HotChocolate": "12.13.0",
          "HotChocolate.Types.Scalars.Upload": "12.13.0"
        }
      },
      "HotChocolate.AspNetCore.Authorization": {
        "type": "Transitive",
        "resolved": "12.13.0",
        "contentHash": "H6NrMCrIiWXsCXdlgsMTxJSPq5durY9JsbiXDjyM6PZGJUcwBz0LARILGHNvYZoe+le2vvA57wXnXHMOURwHgA==",
        "dependencies": {
          "HotChocolate": "12.13.0",
          "Microsoft.AspNetCore.Authorization": "3.1.4",
          "Microsoft.Extensions.DependencyInjection": "3.1.4"
        }
      },
      "HotChocolate.Data": {
        "type": "Transitive",
        "resolved": "12.13.0",
        "contentHash": "UwOQMSqDD69+gA64GvYbgmstThWpayUYqA8l+hkFRiXQSuIfUBpIBtqQe/JoaksATmaxORDbA4QZfSiMwzBGVA==",
        "dependencies": {
          "HotChocolate.Execution": "12.13.0",
          "HotChocolate.Types.CursorPagination": "12.13.0"
        }
      },
      "HotChocolate.Execution": {
        "type": "Transitive",
        "resolved": "12.13.0",
        "contentHash": "bYHjl9jNYHawVqPQMZGqiW6Z3HjFaQvGRXR3CGrB6wzgx7KjAUWWelCs9+Emrk5dTdKcRI/QI8+CYvZAMEjR3g==",
        "dependencies": {
          "HotChocolate.Abstractions": "12.13.0",
          "HotChocolate.Fetching": "12.13.0",
          "HotChocolate.Types": "12.13.0",
          "HotChocolate.Validation": "12.13.0",
          "Microsoft.Extensions.DependencyInjection": "3.1.4",
          "Microsoft.Extensions.DiagnosticAdapter": "3.1.4",
          "System.Threading.Channels": "4.7.0"
        }
      },
      "HotChocolate.Fetching": {
        "type": "Transitive",
        "resolved": "12.13.0",
        "contentHash": "PyFdBYbvZqfwPnQIg67Td1J9cGJLZrA334a0E3wQya/Kbw7dLHu8rwzrONF2Cocg+2nJ6I9lg0AR0mF11LWdEw==",
        "dependencies": {
          "GreenDonut": "12.13.0",
          "HotChocolate.Types": "12.13.0"
        }
      },
      "HotChocolate.Language": {
        "type": "Transitive",
        "resolved": "12.13.0",
        "contentHash": "aonXVYLYnl2vdQrPAb/1kpN/L7wi23QgcKY+RG4IrbcigV6MgM6t6wfN91dHDkZGJHl/01uvYTAXbhhasH+Yaw==",
        "dependencies": {
          "HotChocolate.Language.SyntaxTree": "12.13.0",
          "HotChocolate.Language.Utf8": "12.13.0",
          "HotChocolate.Language.Visitors": "12.13.0"
        }
      },
      "HotChocolate.Language.SyntaxTree": {
        "type": "Transitive",
        "resolved": "12.13.0",
        "contentHash": "hog9YvXOUxfGOqb/c63xFsZO4tcR+SjrKMiCKlT7gtCl1lH20fBJ4wSOu3/wj+RjY5MwRedvr09Nt2MwGD1OqA==",
        "dependencies": {
          "Microsoft.Extensions.ObjectPool": "3.1.4"
        }
      },
      "HotChocolate.Language.Utf8": {
        "type": "Transitive",
        "resolved": "12.13.0",
        "contentHash": "Pco6jm2EPydF7jCEj0hAPyd5zUosN6bxsq/I1ilqsIO4PxtzjotTg9Qv92jnKOHxSb9beu4zKbZi1NF3LumG2w==",
        "dependencies": {
          "HotChocolate.Language.SyntaxTree": "12.13.0"
        }
      },
      "HotChocolate.Language.Visitors": {
        "type": "Transitive",
        "resolved": "12.13.0",
        "contentHash": "lDHMcahXc21ZghvLHjVo2rblkFFanz3UlNf4wcqcD/3DAd3eDHrIE5Flri1wLHrwK4txeD6mx+b3dqmeIRgj8A==",
        "dependencies": {
          "HotChocolate.Language.SyntaxTree": "12.13.0"
        }
      },
      "HotChocolate.Subscriptions": {
        "type": "Transitive",
        "resolved": "12.13.0",
        "contentHash": "6TtGGqCh2fod52K2NPLiRy6n7Rg9+Jxek+m3FCYgDk4bIINAJnx7dqiXdbXprZ8Uy3oHV8j3EiUoqZ50JvQJ9w==",
        "dependencies": {
          "HotChocolate.Abstractions": "12.13.0",
          "Microsoft.Bcl.AsyncInterfaces": "1.1.0"
        }
      },
      "HotChocolate.Subscriptions.InMemory": {
        "type": "Transitive",
        "resolved": "12.13.0",
        "contentHash": "8FNWko53qMGTtI1x5ZODKRm9Nlj9+0ireCcj6InN7MA7u8l+ol7JjYlQYxt8eourLHP/Z8Ij9PBkqDVXg2ShfQ==",
        "dependencies": {
          "HotChocolate.Execution": "12.13.0",
          "HotChocolate.Subscriptions": "12.13.0",
          "Microsoft.Extensions.DependencyInjection.Abstractions": "3.1.4",
          "System.Threading.Channels": "4.7.0"
        }
      },
      "HotChocolate.Types": {
        "type": "Transitive",
        "resolved": "12.13.0",
        "contentHash": "7typg254tCf/4rsWgXH0KgSgduYBiCL7Xbf81ZBEUcS2FPwyYc0vygc+PeyACdbQqetqG+CbKRklOU2vIz/pIQ==",
        "dependencies": {
          "HotChocolate.Abstractions": "12.13.0",
          "HotChocolate.Subscriptions": "12.13.0",
          "HotChocolate.Utilities": "12.13.0",
          "HotChocolate.Utilities.Introspection": "12.13.0",
          "Microsoft.Extensions.DependencyInjection.Abstractions": "3.1.4",
          "Microsoft.Extensions.ObjectPool": "3.1.4",
          "System.ComponentModel.Annotations": "4.7.0",
          "System.Text.Json": "4.7.0"
        }
      },
      "HotChocolate.Types.CursorPagination": {
        "type": "Transitive",
        "resolved": "12.13.0",
        "contentHash": "QXc5Fq4pCe9ulMSvjzKCxNLR8oJtyPI9usTCO1ErLt/QHOFq6Ugd6zM3SDsH7lEdCQ0BnUIIV0Yjb9CLCuxu1w==",
        "dependencies": {
          "HotChocolate.Execution": "12.13.0",
          "HotChocolate.Types": "12.13.0"
        }
      },
      "HotChocolate.Types.Mutations": {
        "type": "Transitive",
        "resolved": "12.13.0",
        "contentHash": "PoUTIGoJRhUcY8Z4sjJyJeGbdp0yOqfwohdh5KaWB/fqk6PxsDwgrQ1AWa0pIh+hTrCpFdJ7pEKgTh9XWEk01A==",
        "dependencies": {
          "HotChocolate.Execution": "12.13.0",
          "HotChocolate.Types": "12.13.0"
        }
      },
      "HotChocolate.Types.OffsetPagination": {
        "type": "Transitive",
        "resolved": "12.13.0",
        "contentHash": "22BGi080FpepL1XqwXt5S+v9Fmixlj0nNg/ByZW2dy1hfnClx57xuTMXkluK/GLHz2fwCkW2ikW0AhPYW4Xspg==",
        "dependencies": {
          "HotChocolate.Execution": "12.13.0",
          "HotChocolate.Types": "12.13.0"
        }
      },
      "HotChocolate.Types.Scalars.Upload": {
        "type": "Transitive",
        "resolved": "12.13.0",
        "contentHash": "ENhK6pia74VzimJxUl0VT0jwE+Z/cIFLrTd1+gCNsyQ2mLqfnmPFHsONUf3g0sVkHkKTbW47gv4ZwLteGHNKWQ==",
        "dependencies": {
          "HotChocolate.Types": "12.13.0"
        }
      },
      "HotChocolate.Utilities": {
        "type": "Transitive",
        "resolved": "12.13.0",
        "contentHash": "ec3qbojN4t3V/DPhnE+JyGfoWUgRTLl/HLWyc60PzeqfbPqb6Gor6YkRpVEWiUNJSSYXjaG2EoQ3K9gqWq3bPw==",
        "dependencies": {
          "Microsoft.Bcl.AsyncInterfaces": "1.1.0",
          "Newtonsoft.Json": "12.0.3",
          "System.Memory": "4.5.4",
          "System.Threading.Tasks.Extensions": "4.5.4"
        }
      },
      "HotChocolate.Utilities.Introspection": {
        "type": "Transitive",
        "resolved": "12.13.0",
        "contentHash": "DDZXZYNaJMFVD0o7bBlxXo318K8VyXSp1FZhrgN+37A8HdO+O48EQvvbvVaUhKwX4HWZmmibPkcBN75pcOdjtQ==",
        "dependencies": {
          "HotChocolate.Language": "12.13.0",
          "System.Text.Json": "4.7.0"
        }
      },
      "HotChocolate.Validation": {
        "type": "Transitive",
        "resolved": "12.13.0",
        "contentHash": "/BfD9I9eV3qeI8AKBsx4u2TH7Iud2rEsZor0JOIblT3eDBeR5I2wyK7DG77m2lycBtJeq0xWyAGx0oulrJfzwg==",
        "dependencies": {
          "HotChocolate.Types": "12.13.0",
          "Microsoft.Extensions.DependencyInjection.Abstractions": "3.1.4",
          "Microsoft.Extensions.Options": "3.1.4"
        }
      },
      "Microsoft.AspNetCore.Authorization": {
        "type": "Transitive",
        "resolved": "3.1.4",
        "contentHash": "uIHoOU15To1V1XbYwYHStke+gtKSormPtrgEqI9i8+kslM/0YJXraLPe1ygFZk+mH459s3Evns6QV1AZRcL90A==",
        "dependencies": {
          "Microsoft.AspNetCore.Metadata": "3.1.4",
          "Microsoft.Extensions.Logging.Abstractions": "3.1.4",
          "Microsoft.Extensions.Options": "3.1.4"
        }
      },
      "Microsoft.AspNetCore.Metadata": {
        "type": "Transitive",
        "resolved": "3.1.4",
        "contentHash": "8P2GHgUdyWf8MnxGsF4iXzcPaefvTT3sx9FhEBaw+QtcctAfja018wQTg0VC9nXodc9t/Dc+6lO3Ar68W9IKIQ=="
      },
      "Microsoft.Bcl.AsyncInterfaces": {
        "type": "Transitive",
        "resolved": "1.1.0",
        "contentHash": "1Am6l4Vpn3/K32daEqZI+FFr96OlZkgwK2LcT3pZ2zWubR5zTPW3/FkO1Rat9kb7oQOa4rxgl9LJHc5tspCWfg=="
      },
      "Microsoft.Extensions.DependencyInjection": {
        "type": "Transitive",
        "resolved": "3.1.4",
        "contentHash": "dAWhz6BEjUFIVLUPbT1s1sUrPTwbUWdw2iBRRe3ej3xXcKS+oo64dKrIWFxRjYP6TWyESpGFNY5NGeA5FcHVlg==",
        "dependencies": {
          "Microsoft.Extensions.DependencyInjection.Abstractions": "3.1.4"
        }
      },
      "Microsoft.Extensions.DependencyInjection.Abstractions": {
        "type": "Transitive",
        "resolved": "6.0.0",
        "contentHash": "xlzi2IYREJH3/m6+lUrQlujzX8wDitm4QGnUu6kUXTQAWPuZY8i+ticFJbzfqaetLA6KR/rO6Ew/HuYD+bxifg=="
      },
      "Microsoft.Extensions.DiagnosticAdapter": {
        "type": "Transitive",
        "resolved": "3.1.4",
        "contentHash": "JiYsxaO6FnH477kGwQLZoj1+XFgwA1ZOjnmypgGhxeLdsmL4o29dP1vfOwmwsU9+nJ5ugtqq4Xs4DcVAGSLt3w==",
        "dependencies": {
          "System.Diagnostics.DiagnosticSource": "4.7.1"
        }
      },
      "Microsoft.Extensions.Logging.Abstractions": {
        "type": "Transitive",
        "resolved": "6.0.1",
        "contentHash": "dzB2Cgg+JmrouhjkcQGzSFjjvpwlq353i8oBQO2GWNjCXSzhbtBRUf28HSauWe7eib3wYOdb3tItdjRwAdwCSg=="
      },
      "Microsoft.Extensions.ObjectPool": {
        "type": "Transitive",
        "resolved": "3.1.4",
        "contentHash": "ZmgpBTnKA2OSJjtL5A1tNSWAQn8I0ELJMW+oKMZVmVHhjG8IyqlhqkfXT9jxgPp8ddCt4t4oXsKn1HAz+sJO1A=="
      },
      "Microsoft.Extensions.Options": {
        "type": "Transitive",
        "resolved": "3.1.4",
        "contentHash": "ntWmD8i6UmAo0nn5MiCXIVl3+75aybVHgP/NxL9B16zwsbGkSfs+66BullsGEDNvrimgIFVDO+iB/h0yWfATWg==",
        "dependencies": {
          "Microsoft.Extensions.DependencyInjection.Abstractions": "3.1.4",
          "Microsoft.Extensions.Primitives": "3.1.4"
        }
      },
      "Microsoft.Extensions.Primitives": {
        "type": "Transitive",
        "resolved": "3.1.4",
        "contentHash": "tLR9n5ltwA56nr1t5M6q5IBfGLXtMS+XgumtqVENmtPQOWUD+m0Kgo1U6GWr06Y875WUN3sOGnmqkvW4an7fYA=="
      },
      "Newtonsoft.Json": {
        "type": "Transitive",
        "resolved": "12.0.3",
        "contentHash": "6mgjfnRB4jKMlzHSl+VD+oUc1IebOZabkbyWj2RiTgWwYPPuaK1H97G1sHqGwPlS5npiF5Q0OrxN1wni2n5QWg=="
      },
      "System.Collections.Immutable": {
        "type": "Transitive",
        "resolved": "1.7.0",
        "contentHash": "RVSM6wZUo6L2y6P3vN6gjUtyJ2IF2RVtrepF3J7nrDKfFQd5u/SnSUFclchYQis8/k5scHy9E+fVeKVQLnnkzw=="
      },
      "System.ComponentModel.Annotations": {
        "type": "Transitive",
        "resolved": "4.7.0",
        "contentHash": "0YFqjhp/mYkDGpU0Ye1GjE53HMp9UVfGN7seGpAMttAC0C40v5gw598jCgpbBLMmCo0E5YRLBv5Z2doypO49ZQ=="
      },
      "System.Diagnostics.DiagnosticSource": {
        "type": "Transitive",
        "resolved": "4.7.1",
        "contentHash": "j81Lovt90PDAq8kLpaJfJKV/rWdWuEk6jfV+MBkee33vzYLEUsy4gXK8laa9V2nZlLM9VM9yA/OOQxxPEJKAMw=="
      },
      "System.Memory": {
        "type": "Transitive",
        "resolved": "4.5.4",
        "contentHash": "1MbJTHS1lZ4bS4FmsJjnuGJOu88ZzTT2rLvrhW7Ygic+pC0NWA+3hgAen0HRdsocuQXCkUTdFn9yHJJhsijDXw=="
      },
      "System.Text.Json": {
        "type": "Transitive",
        "resolved": "4.7.0",
        "contentHash": "IPq/x/d5nAcnD3vIyM3AbPOaTgcqrh0AqPSx7U53UFu3M6k1TH1u/eXc9/h4jm/3mpP1WRUpevlPY4PACd7AWw=="
      },
      "System.Threading.Channels": {
        "type": "Transitive",
        "resolved": "4.7.0",
        "contentHash": "gdOOXBhtt2UpTxYJm1DRmoqNfYg5ypvhzhVt0vxKhzxXFjS81r8yIOSFsJYLRa1Jc14GBAqCnjxJstO3zBN7gg=="
      },
      "System.Threading.Tasks.Extensions": {
        "type": "Transitive",
        "resolved": "4.5.4",
        "contentHash": "zteT+G8xuGu6mS+mzDzYXbzS7rd3K6Fjb9RiZlYlJPam2/hU7JCBZBVEcywNuR+oZ1ncTvc/cq0faRr3P01OVg=="
      },
      "nikcio.uheadless.core": {
        "type": "Project",
        "dependencies": {
          "HotChocolate.AspNetCore": "[12.13.0, )",
          "HotChocolate.AspNetCore.Authorization": "[12.13.0, )",
          "HotChocolate.Data": "[12.13.0, )",
          "Microsoft.Extensions.DependencyInjection.Abstractions": "[6.0.0, )",
          "Microsoft.Extensions.Logging.Abstractions": "[6.0.1, )"
        }
      }
    }
  }
}